// !$*UTF8*$!
{
	archiveVersion = 1;
	classes = {
	};
	objectVersion = 46;
	objects = {

/* Begin PBXBuildFile section */
		098096391978B95400631808 /* Foundation.framework in Frameworks */ = {isa = PBXBuildFile; fileRef = 098096381978B95400631808 /* Foundation.framework */; };
		0980963B1978B95400631808 /* CoreGraphics.framework in Frameworks */ = {isa = PBXBuildFile; fileRef = 0980963A1978B95400631808 /* CoreGraphics.framework */; };
		0980963D1978B95400631808 /* UIKit.framework in Frameworks */ = {isa = PBXBuildFile; fileRef = 0980963C1978B95400631808 /* UIKit.framework */; };
		098096431978B95400631808 /* InfoPlist.strings in Resources */ = {isa = PBXBuildFile; fileRef = 098096411978B95400631808 /* InfoPlist.strings */; };
		098096451978B95400631808 /* main.m in Sources */ = {isa = PBXBuildFile; fileRef = 098096441978B95400631808 /* main.m */; };
		098096491978B95400631808 /* HLYAppDelegate.m in Sources */ = {isa = PBXBuildFile; fileRef = 098096481978B95400631808 /* HLYAppDelegate.m */; };
		0980964B1978B95400631808 /* Images.xcassets in Resources */ = {isa = PBXBuildFile; fileRef = 0980964A1978B95400631808 /* Images.xcassets */; };
		098096521978B95400631808 /* XCTest.framework in Frameworks */ = {isa = PBXBuildFile; fileRef = 098096511978B95400631808 /* XCTest.framework */; };
		098096531978B95400631808 /* Foundation.framework in Frameworks */ = {isa = PBXBuildFile; fileRef = 098096381978B95400631808 /* Foundation.framework */; };
		098096541978B95400631808 /* UIKit.framework in Frameworks */ = {isa = PBXBuildFile; fileRef = 0980963C1978B95400631808 /* UIKit.framework */; };
		0980965C1978B95400631808 /* InfoPlist.strings in Resources */ = {isa = PBXBuildFile; fileRef = 0980965A1978B95400631808 /* InfoPlist.strings */; };
		0980965E1978B95400631808 /* TQFrameworkTests.m in Sources */ = {isa = PBXBuildFile; fileRef = 0980965D1978B95400631808 /* TQFrameworkTests.m */; };
		099E5DA919F797230027CF1E /* HLYAutoLayoutTableManager.m in Sources */ = {isa = PBXBuildFile; fileRef = 099E5D8B19F797230027CF1E /* HLYAutoLayoutTableManager.m */; };
		099E5DAA19F797230027CF1E /* HLYDateFormatManager.m in Sources */ = {isa = PBXBuildFile; fileRef = 099E5D8E19F797230027CF1E /* HLYDateFormatManager.m */; };
		099E5DAB19F797230027CF1E /* TQError.m in Sources */ = {isa = PBXBuildFile; fileRef = 099E5D9119F797230027CF1E /* TQError.m */; };
		099E5DAC19F797230027CF1E /* TQInputValidator.m in Sources */ = {isa = PBXBuildFile; fileRef = 099E5D9419F797230027CF1E /* TQInputValidator.m */; };
		099E5DAD19F797230027CF1E /* TQTextField.m in Sources */ = {isa = PBXBuildFile; fileRef = 099E5D9619F797230027CF1E /* TQTextField.m */; };
		099E5DAF19F797230027CF1E /* HLYPullToRefreshLoadingView.m in Sources */ = {isa = PBXBuildFile; fileRef = 099E5D9C19F797230027CF1E /* HLYPullToRefreshLoadingView.m */; };
		099E5DB019F797230027CF1E /* HLYPullToRefreshManager.bundle in Resources */ = {isa = PBXBuildFile; fileRef = 099E5D9D19F797230027CF1E /* HLYPullToRefreshManager.bundle */; };
		099E5DB119F797230027CF1E /* HLYPullToRefreshManager.m in Sources */ = {isa = PBXBuildFile; fileRef = 099E5D9F19F797230027CF1E /* HLYPullToRefreshManager.m */; };
		099E5DB219F797230027CF1E /* UIView+Frame.m in Sources */ = {isa = PBXBuildFile; fileRef = 099E5DA119F797230027CF1E /* UIView+Frame.m */; };
		099E5DB319F797230027CF1E /* TQShareManager.m in Sources */ = {isa = PBXBuildFile; fileRef = 099E5DA419F797230027CF1E /* TQShareManager.m */; };
		099E5DB419F797230027CF1E /* HLYThemeManager.m in Sources */ = {isa = PBXBuildFile; fileRef = 099E5DA719F797230027CF1E /* HLYThemeManager.m */; };
		099E5DB819F798370027CF1E /* HLYViewController.m in Sources */ = {isa = PBXBuildFile; fileRef = 099E5DB719F798370027CF1E /* HLYViewController.m */; };
		099E5DBB19F798B00027CF1E /* HLYShareViewController.m in Sources */ = {isa = PBXBuildFile; fileRef = 099E5DBA19F798B00027CF1E /* HLYShareViewController.m */; };
		099E5DBE19F798D80027CF1E /* TQShareActionSheet.m in Sources */ = {isa = PBXBuildFile; fileRef = 099E5DBD19F798D80027CF1E /* TQShareActionSheet.m */; };
		099E5DCA19F799090027CF1E /* TencentOpenAPI.framework in Frameworks */ = {isa = PBXBuildFile; fileRef = 099E5DC019F799090027CF1E /* TencentOpenAPI.framework */; };
		099E5DCB19F799090027CF1E /* TencentOpenApi_IOS_Bundle.bundle in Resources */ = {isa = PBXBuildFile; fileRef = 099E5DC119F799090027CF1E /* TencentOpenApi_IOS_Bundle.bundle */; };
		099E5DCC19F799090027CF1E /* libWeiboSDK.a in Frameworks */ = {isa = PBXBuildFile; fileRef = 099E5DC319F799090027CF1E /* libWeiboSDK.a */; };
		099E5DCD19F799090027CF1E /* WeiboSDK.bundle in Resources */ = {isa = PBXBuildFile; fileRef = 099E5DC419F799090027CF1E /* WeiboSDK.bundle */; };
		099E5DCE19F799090027CF1E /* libWeChatSDK.a in Frameworks */ = {isa = PBXBuildFile; fileRef = 099E5DC719F799090027CF1E /* libWeChatSDK.a */; };
		DB634D75DBC24D42B53DABD3 /* libPods.a in Frameworks */ = {isa = PBXBuildFile; fileRef = 076E00F110854E978FAF8FEB /* libPods.a */; };
/* End PBXBuildFile section */

/* Begin PBXContainerItemProxy section */
		098096551978B95400631808 /* PBXContainerItemProxy */ = {
			isa = PBXContainerItemProxy;
			containerPortal = 0980962D1978B95400631808 /* Project object */;
			proxyType = 1;
			remoteGlobalIDString = 098096341978B95400631808;
			remoteInfo = TQFramework;
		};
/* End PBXContainerItemProxy section */

/* Begin PBXFileReference section */
		076E00F110854E978FAF8FEB /* libPods.a */ = {isa = PBXFileReference; explicitFileType = archive.ar; includeInIndex = 0; path = libPods.a; sourceTree = BUILT_PRODUCTS_DIR; };
		098096351978B95400631808 /* TQFramework.app */ = {isa = PBXFileReference; explicitFileType = wrapper.application; includeInIndex = 0; path = TQFramework.app; sourceTree = BUILT_PRODUCTS_DIR; };
		098096381978B95400631808 /* Foundation.framework */ = {isa = PBXFileReference; lastKnownFileType = wrapper.framework; name = Foundation.framework; path = System/Library/Frameworks/Foundation.framework; sourceTree = SDKROOT; };
		0980963A1978B95400631808 /* CoreGraphics.framework */ = {isa = PBXFileReference; lastKnownFileType = wrapper.framework; name = CoreGraphics.framework; path = System/Library/Frameworks/CoreGraphics.framework; sourceTree = SDKROOT; };
		0980963C1978B95400631808 /* UIKit.framework */ = {isa = PBXFileReference; lastKnownFileType = wrapper.framework; name = UIKit.framework; path = System/Library/Frameworks/UIKit.framework; sourceTree = SDKROOT; };
		098096401978B95400631808 /* TQFramework-Info.plist */ = {isa = PBXFileReference; lastKnownFileType = text.plist.xml; path = "TQFramework-Info.plist"; sourceTree = "<group>"; };
		098096421978B95400631808 /* en */ = {isa = PBXFileReference; lastKnownFileType = text.plist.strings; name = en; path = en.lproj/InfoPlist.strings; sourceTree = "<group>"; };
		098096441978B95400631808 /* main.m */ = {isa = PBXFileReference; lastKnownFileType = sourcecode.c.objc; path = main.m; sourceTree = "<group>"; };
		098096461978B95400631808 /* TQFramework-Prefix.pch */ = {isa = PBXFileReference; lastKnownFileType = sourcecode.c.h; path = "TQFramework-Prefix.pch"; sourceTree = "<group>"; };
		098096471978B95400631808 /* HLYAppDelegate.h */ = {isa = PBXFileReference; lastKnownFileType = sourcecode.c.h; path = HLYAppDelegate.h; sourceTree = "<group>"; };
		098096481978B95400631808 /* HLYAppDelegate.m */ = {isa = PBXFileReference; lastKnownFileType = sourcecode.c.objc; path = HLYAppDelegate.m; sourceTree = "<group>"; };
		0980964A1978B95400631808 /* Images.xcassets */ = {isa = PBXFileReference; lastKnownFileType = folder.assetcatalog; path = Images.xcassets; sourceTree = "<group>"; };
		098096501978B95400631808 /* TQFrameworkTests.xctest */ = {isa = PBXFileReference; explicitFileType = wrapper.cfbundle; includeInIndex = 0; path = TQFrameworkTests.xctest; sourceTree = BUILT_PRODUCTS_DIR; };
		098096511978B95400631808 /* XCTest.framework */ = {isa = PBXFileReference; lastKnownFileType = wrapper.framework; name = XCTest.framework; path = Library/Frameworks/XCTest.framework; sourceTree = DEVELOPER_DIR; };
		098096591978B95400631808 /* TQFrameworkTests-Info.plist */ = {isa = PBXFileReference; lastKnownFileType = text.plist.xml; path = "TQFrameworkTests-Info.plist"; sourceTree = "<group>"; };
		0980965B1978B95400631808 /* en */ = {isa = PBXFileReference; lastKnownFileType = text.plist.strings; name = en; path = en.lproj/InfoPlist.strings; sourceTree = "<group>"; };
		0980965D1978B95400631808 /* TQFrameworkTests.m */ = {isa = PBXFileReference; lastKnownFileType = sourcecode.c.objc; path = TQFrameworkTests.m; sourceTree = "<group>"; };
		099E5D8A19F797230027CF1E /* HLYAutoLayoutTableManager.h */ = {isa = PBXFileReference; fileEncoding = 4; lastKnownFileType = sourcecode.c.h; path = HLYAutoLayoutTableManager.h; sourceTree = "<group>"; };
		099E5D8B19F797230027CF1E /* HLYAutoLayoutTableManager.m */ = {isa = PBXFileReference; fileEncoding = 4; lastKnownFileType = sourcecode.c.objc; path = HLYAutoLayoutTableManager.m; sourceTree = "<group>"; };
		099E5D8D19F797230027CF1E /* HLYDateFormatManager.h */ = {isa = PBXFileReference; fileEncoding = 4; lastKnownFileType = sourcecode.c.h; path = HLYDateFormatManager.h; sourceTree = "<group>"; };
		099E5D8E19F797230027CF1E /* HLYDateFormatManager.m */ = {isa = PBXFileReference; fileEncoding = 4; lastKnownFileType = sourcecode.c.objc; path = HLYDateFormatManager.m; sourceTree = "<group>"; };
		099E5D9019F797230027CF1E /* TQError.h */ = {isa = PBXFileReference; fileEncoding = 4; lastKnownFileType = sourcecode.c.h; path = TQError.h; sourceTree = "<group>"; };
		099E5D9119F797230027CF1E /* TQError.m */ = {isa = PBXFileReference; fileEncoding = 4; lastKnownFileType = sourcecode.c.objc; path = TQError.m; sourceTree = "<group>"; };
		099E5D9319F797230027CF1E /* TQInputValidator.h */ = {isa = PBXFileReference; fileEncoding = 4; lastKnownFileType = sourcecode.c.h; path = TQInputValidator.h; sourceTree = "<group>"; };
		099E5D9419F797230027CF1E /* TQInputValidator.m */ = {isa = PBXFileReference; fileEncoding = 4; lastKnownFileType = sourcecode.c.objc; path = TQInputValidator.m; sourceTree = "<group>"; };
		099E5D9519F797230027CF1E /* TQTextField.h */ = {isa = PBXFileReference; fileEncoding = 4; lastKnownFileType = sourcecode.c.h; path = TQTextField.h; sourceTree = "<group>"; };
		099E5D9619F797230027CF1E /* TQTextField.m */ = {isa = PBXFileReference; fileEncoding = 4; lastKnownFileType = sourcecode.c.objc; path = TQTextField.m; sourceTree = "<group>"; };
		099E5D9B19F797230027CF1E /* HLYPullToRefreshLoadingView.h */ = {isa = PBXFileReference; fileEncoding = 4; lastKnownFileType = sourcecode.c.h; path = HLYPullToRefreshLoadingView.h; sourceTree = "<group>"; };
		099E5D9C19F797230027CF1E /* HLYPullToRefreshLoadingView.m */ = {isa = PBXFileReference; fileEncoding = 4; lastKnownFileType = sourcecode.c.objc; path = HLYPullToRefreshLoadingView.m; sourceTree = "<group>"; };
		099E5D9D19F797230027CF1E /* HLYPullToRefreshManager.bundle */ = {isa = PBXFileReference; lastKnownFileType = "wrapper.plug-in"; path = HLYPullToRefreshManager.bundle; sourceTree = "<group>"; };
		099E5D9E19F797230027CF1E /* HLYPullToRefreshManager.h */ = {isa = PBXFileReference; fileEncoding = 4; lastKnownFileType = sourcecode.c.h; path = HLYPullToRefreshManager.h; sourceTree = "<group>"; };
		099E5D9F19F797230027CF1E /* HLYPullToRefreshManager.m */ = {isa = PBXFileReference; fileEncoding = 4; lastKnownFileType = sourcecode.c.objc; path = HLYPullToRefreshManager.m; sourceTree = "<group>"; };
		099E5DA019F797230027CF1E /* UIView+Frame.h */ = {isa = PBXFileReference; fileEncoding = 4; lastKnownFileType = sourcecode.c.h; path = "UIView+Frame.h"; sourceTree = "<group>"; };
		099E5DA119F797230027CF1E /* UIView+Frame.m */ = {isa = PBXFileReference; fileEncoding = 4; lastKnownFileType = sourcecode.c.objc; path = "UIView+Frame.m"; sourceTree = "<group>"; };
		099E5DA319F797230027CF1E /* TQShareManager.h */ = {isa = PBXFileReference; fileEncoding = 4; lastKnownFileType = sourcecode.c.h; path = TQShareManager.h; sourceTree = "<group>"; };
		099E5DA419F797230027CF1E /* TQShareManager.m */ = {isa = PBXFileReference; fileEncoding = 4; lastKnownFileType = sourcecode.c.objc; path = TQShareManager.m; sourceTree = "<group>"; };
		099E5DA619F797230027CF1E /* HLYThemeManager.h */ = {isa = PBXFileReference; fileEncoding = 4; lastKnownFileType = sourcecode.c.h; path = HLYThemeManager.h; sourceTree = "<group>"; };
		099E5DA719F797230027CF1E /* HLYThemeManager.m */ = {isa = PBXFileReference; fileEncoding = 4; lastKnownFileType = sourcecode.c.objc; path = HLYThemeManager.m; sourceTree = "<group>"; };
		099E5DB619F798370027CF1E /* HLYViewController.h */ = {isa = PBXFileReference; fileEncoding = 4; lastKnownFileType = sourcecode.c.h; path = HLYViewController.h; sourceTree = "<group>"; };
		099E5DB719F798370027CF1E /* HLYViewController.m */ = {isa = PBXFileReference; fileEncoding = 4; lastKnownFileType = sourcecode.c.objc; path = HLYViewController.m; sourceTree = "<group>"; };
		099E5DB919F798B00027CF1E /* HLYShareViewController.h */ = {isa = PBXFileReference; fileEncoding = 4; lastKnownFileType = sourcecode.c.h; path = HLYShareViewController.h; sourceTree = "<group>"; };
		099E5DBA19F798B00027CF1E /* HLYShareViewController.m */ = {isa = PBXFileReference; fileEncoding = 4; lastKnownFileType = sourcecode.c.objc; path = HLYShareViewController.m; sourceTree = "<group>"; };
		099E5DBC19F798D80027CF1E /* TQShareActionSheet.h */ = {isa = PBXFileReference; fileEncoding = 4; lastKnownFileType = sourcecode.c.h; path = TQShareActionSheet.h; sourceTree = "<group>"; };
		099E5DBD19F798D80027CF1E /* TQShareActionSheet.m */ = {isa = PBXFileReference; fileEncoding = 4; lastKnownFileType = sourcecode.c.objc; path = TQShareActionSheet.m; sourceTree = "<group>"; };
		099E5DC019F799090027CF1E /* TencentOpenAPI.framework */ = {isa = PBXFileReference; lastKnownFileType = wrapper.framework; path = TencentOpenAPI.framework; sourceTree = "<group>"; };
		099E5DC119F799090027CF1E /* TencentOpenApi_IOS_Bundle.bundle */ = {isa = PBXFileReference; lastKnownFileType = "wrapper.plug-in"; path = TencentOpenApi_IOS_Bundle.bundle; sourceTree = "<group>"; };
		099E5DC319F799090027CF1E /* libWeiboSDK.a */ = {isa = PBXFileReference; lastKnownFileType = archive.ar; path = libWeiboSDK.a; sourceTree = "<group>"; };
		099E5DC419F799090027CF1E /* WeiboSDK.bundle */ = {isa = PBXFileReference; lastKnownFileType = "wrapper.plug-in"; path = WeiboSDK.bundle; sourceTree = "<group>"; };
		099E5DC519F799090027CF1E /* WeiboSDK.h */ = {isa = PBXFileReference; fileEncoding = 4; lastKnownFileType = sourcecode.c.h; path = WeiboSDK.h; sourceTree = "<group>"; };
		099E5DC719F799090027CF1E /* libWeChatSDK.a */ = {isa = PBXFileReference; lastKnownFileType = archive.ar; path = libWeChatSDK.a; sourceTree = "<group>"; };
		099E5DC819F799090027CF1E /* WXApi.h */ = {isa = PBXFileReference; fileEncoding = 4; lastKnownFileType = sourcecode.c.h; path = WXApi.h; sourceTree = "<group>"; };
		099E5DC919F799090027CF1E /* WXApiObject.h */ = {isa = PBXFileReference; fileEncoding = 4; lastKnownFileType = sourcecode.c.h; path = WXApiObject.h; sourceTree = "<group>"; };
		542A4F2B8C18440D829F3ABB /* Pods.xcconfig */ = {isa = PBXFileReference; includeInIndex = 1; lastKnownFileType = text.xcconfig; name = Pods.xcconfig; path = Pods/Pods.xcconfig; sourceTree = "<group>"; };
/* End PBXFileReference section */

/* Begin PBXFrameworksBuildPhase section */
		098096321978B95400631808 /* Frameworks */ = {
			isa = PBXFrameworksBuildPhase;
			buildActionMask = 2147483647;
			files = (
				099E5DCE19F799090027CF1E /* libWeChatSDK.a in Frameworks */,
				099E5DCA19F799090027CF1E /* TencentOpenAPI.framework in Frameworks */,
				099E5DCC19F799090027CF1E /* libWeiboSDK.a in Frameworks */,
				0980963B1978B95400631808 /* CoreGraphics.framework in Frameworks */,
				0980963D1978B95400631808 /* UIKit.framework in Frameworks */,
				098096391978B95400631808 /* Foundation.framework in Frameworks */,
				DB634D75DBC24D42B53DABD3 /* libPods.a in Frameworks */,
			);
			runOnlyForDeploymentPostprocessing = 0;
		};
		0980964D1978B95400631808 /* Frameworks */ = {
			isa = PBXFrameworksBuildPhase;
			buildActionMask = 2147483647;
			files = (
				098096521978B95400631808 /* XCTest.framework in Frameworks */,
				098096541978B95400631808 /* UIKit.framework in Frameworks */,
				098096531978B95400631808 /* Foundation.framework in Frameworks */,
			);
			runOnlyForDeploymentPostprocessing = 0;
		};
/* End PBXFrameworksBuildPhase section */

/* Begin PBXGroup section */
		065E05F9197BBB1A00F77D82 /* ViewControllers */ = {
			isa = PBXGroup;
			children = (
				099E5DB519F798370027CF1E /* Base */,
			);
			name = ViewControllers;
			sourceTree = "<group>";
		};
		0980962C1978B95400631808 = {
			isa = PBXGroup;
			children = (
				0980963E1978B95400631808 /* TQFramework */,
				098096571978B95400631808 /* TQFrameworkTests */,
				098096371978B95400631808 /* Frameworks */,
				098096361978B95400631808 /* Products */,
				542A4F2B8C18440D829F3ABB /* Pods.xcconfig */,
			);
			sourceTree = "<group>";
		};
		098096361978B95400631808 /* Products */ = {
			isa = PBXGroup;
			children = (
				098096351978B95400631808 /* TQFramework.app */,
				098096501978B95400631808 /* TQFrameworkTests.xctest */,
			);
			name = Products;
			sourceTree = "<group>";
		};
		098096371978B95400631808 /* Frameworks */ = {
			isa = PBXGroup;
			children = (
				098096381978B95400631808 /* Foundation.framework */,
				0980963A1978B95400631808 /* CoreGraphics.framework */,
				0980963C1978B95400631808 /* UIKit.framework */,
				098096511978B95400631808 /* XCTest.framework */,
				076E00F110854E978FAF8FEB /* libPods.a */,
			);
			name = Frameworks;
			sourceTree = "<group>";
		};
		0980963E1978B95400631808 /* TQFramework */ = {
			isa = PBXGroup;
			children = (
				098096471978B95400631808 /* HLYAppDelegate.h */,
				098096481978B95400631808 /* HLYAppDelegate.m */,
				099E5D8519F797230027CF1E /* Components */,
				065E05F9197BBB1A00F77D82 /* ViewControllers */,
				0980964A1978B95400631808 /* Images.xcassets */,
				0980963F1978B95400631808 /* Supporting Files */,
			);
			path = TQFramework;
			sourceTree = "<group>";
		};
		0980963F1978B95400631808 /* Supporting Files */ = {
			isa = PBXGroup;
			children = (
				098096401978B95400631808 /* TQFramework-Info.plist */,
				098096411978B95400631808 /* InfoPlist.strings */,
				098096441978B95400631808 /* main.m */,
				098096461978B95400631808 /* TQFramework-Prefix.pch */,
			);
			name = "Supporting Files";
			sourceTree = "<group>";
		};
		098096571978B95400631808 /* TQFrameworkTests */ = {
			isa = PBXGroup;
			children = (
				0980965D1978B95400631808 /* TQFrameworkTests.m */,
				098096581978B95400631808 /* Supporting Files */,
			);
			path = TQFrameworkTests;
			sourceTree = "<group>";
		};
		098096581978B95400631808 /* Supporting Files */ = {
			isa = PBXGroup;
			children = (
				098096591978B95400631808 /* TQFrameworkTests-Info.plist */,
				0980965A1978B95400631808 /* InfoPlist.strings */,
			);
			name = "Supporting Files";
			sourceTree = "<group>";
		};
		099E5D8519F797230027CF1E /* Components */ = {
			isa = PBXGroup;
			children = (
				099E5D8919F797230027CF1E /* AutoLayoutTableViewManager */,
				099E5D8C19F797230027CF1E /* DateManager */,
				099E5D8F19F797230027CF1E /* ErrorManager */,
				099E5D9219F797230027CF1E /* InputValidation */,
				099E5D9A19F797230027CF1E /* PullToRefreshManager */,
				099E5DA219F797230027CF1E /* ShareManager */,
				099E5DA519F797230027CF1E /* ThemeManager */,
			);
			path = Components;
			sourceTree = "<group>";
		};
		099E5D8919F797230027CF1E /* AutoLayoutTableViewManager */ = {
			isa = PBXGroup;
			children = (
				099E5D8A19F797230027CF1E /* HLYAutoLayoutTableManager.h */,
				099E5D8B19F797230027CF1E /* HLYAutoLayoutTableManager.m */,
			);
			path = AutoLayoutTableViewManager;
			sourceTree = "<group>";
		};
		099E5D8C19F797230027CF1E /* DateManager */ = {
			isa = PBXGroup;
			children = (
				099E5D8D19F797230027CF1E /* HLYDateFormatManager.h */,
				099E5D8E19F797230027CF1E /* HLYDateFormatManager.m */,
			);
			path = DateManager;
			sourceTree = "<group>";
		};
		099E5D8F19F797230027CF1E /* ErrorManager */ = {
			isa = PBXGroup;
			children = (
				099E5D9019F797230027CF1E /* TQError.h */,
				099E5D9119F797230027CF1E /* TQError.m */,
			);
			path = ErrorManager;
			sourceTree = "<group>";
		};
		099E5D9219F797230027CF1E /* InputValidation */ = {
			isa = PBXGroup;
			children = (
				099E5D9319F797230027CF1E /* TQInputValidator.h */,
				099E5D9419F797230027CF1E /* TQInputValidator.m */,
				099E5D9519F797230027CF1E /* TQTextField.h */,
				099E5D9619F797230027CF1E /* TQTextField.m */,
			);
			path = InputValidation;
			sourceTree = "<group>";
		};
		099E5D9A19F797230027CF1E /* PullToRefreshManager */ = {
			isa = PBXGroup;
			children = (
				099E5D9B19F797230027CF1E /* HLYPullToRefreshLoadingView.h */,
				099E5D9C19F797230027CF1E /* HLYPullToRefreshLoadingView.m */,
				099E5D9D19F797230027CF1E /* HLYPullToRefreshManager.bundle */,
				099E5D9E19F797230027CF1E /* HLYPullToRefreshManager.h */,
				099E5D9F19F797230027CF1E /* HLYPullToRefreshManager.m */,
				099E5DA019F797230027CF1E /* UIView+Frame.h */,
				099E5DA119F797230027CF1E /* UIView+Frame.m */,
			);
			path = PullToRefreshManager;
			sourceTree = "<group>";
		};
		099E5DA219F797230027CF1E /* ShareManager */ = {
			isa = PBXGroup;
			children = (
				099E5DBF19F799090027CF1E /* QQ */,
				099E5DC219F799090027CF1E /* Weibo */,
				099E5DC619F799090027CF1E /* Weixin */,
				099E5DB919F798B00027CF1E /* HLYShareViewController.h */,
				099E5DBA19F798B00027CF1E /* HLYShareViewController.m */,
				099E5DA319F797230027CF1E /* TQShareManager.h */,
				099E5DA419F797230027CF1E /* TQShareManager.m */,
				099E5DBC19F798D80027CF1E /* TQShareActionSheet.h */,
				099E5DBD19F798D80027CF1E /* TQShareActionSheet.m */,
			);
			path = ShareManager;
			sourceTree = "<group>";
		};
		099E5DA519F797230027CF1E /* ThemeManager */ = {
			isa = PBXGroup;
			children = (
				099E5DA619F797230027CF1E /* HLYThemeManager.h */,
				099E5DA719F797230027CF1E /* HLYThemeManager.m */,
			);
			path = ThemeManager;
			sourceTree = "<group>";
		};
		099E5DB519F798370027CF1E /* Base */ = {
			isa = PBXGroup;
			children = (
				099E5DB619F798370027CF1E /* HLYViewController.h */,
				099E5DB719F798370027CF1E /* HLYViewController.m */,
			);
			name = Base;
			path = ViewControllers/Base;
			sourceTree = "<group>";
		};
		099E5DBF19F799090027CF1E /* QQ */ = {
			isa = PBXGroup;
			children = (
				099E5DC019F799090027CF1E /* TencentOpenAPI.framework */,
				099E5DC119F799090027CF1E /* TencentOpenApi_IOS_Bundle.bundle */,
			);
			path = QQ;
			sourceTree = "<group>";
		};
		099E5DC219F799090027CF1E /* Weibo */ = {
			isa = PBXGroup;
			children = (
				099E5DC319F799090027CF1E /* libWeiboSDK.a */,
				099E5DC419F799090027CF1E /* WeiboSDK.bundle */,
				099E5DC519F799090027CF1E /* WeiboSDK.h */,
			);
			path = Weibo;
			sourceTree = "<group>";
		};
		099E5DC619F799090027CF1E /* Weixin */ = {
			isa = PBXGroup;
			children = (
				099E5DC719F799090027CF1E /* libWeChatSDK.a */,
				099E5DC819F799090027CF1E /* WXApi.h */,
				099E5DC919F799090027CF1E /* WXApiObject.h */,
			);
			path = Weixin;
			sourceTree = "<group>";
		};
/* End PBXGroup section */

/* Begin PBXNativeTarget section */
		098096341978B95400631808 /* TQFramework */ = {
			isa = PBXNativeTarget;
			buildConfigurationList = 098096611978B95400631808 /* Build configuration list for PBXNativeTarget "TQFramework" */;
			buildPhases = (
				BCB9A2A85F6D45BBAF5DC923 /* Check Pods Manifest.lock */,
				098096311978B95400631808 /* Sources */,
				098096321978B95400631808 /* Frameworks */,
				098096331978B95400631808 /* Resources */,
				079A01E7AAB340EE99B2D9CF /* Copy Pods Resources */,
			);
			buildRules = (
			);
			dependencies = (
			);
			name = TQFramework;
			productName = TQFramework;
			productReference = 098096351978B95400631808 /* TQFramework.app */;
			productType = "com.apple.product-type.application";
		};
		0980964F1978B95400631808 /* TQFrameworkTests */ = {
			isa = PBXNativeTarget;
			buildConfigurationList = 098096641978B95400631808 /* Build configuration list for PBXNativeTarget "TQFrameworkTests" */;
			buildPhases = (
				0980964C1978B95400631808 /* Sources */,
				0980964D1978B95400631808 /* Frameworks */,
				0980964E1978B95400631808 /* Resources */,
			);
			buildRules = (
			);
			dependencies = (
				098096561978B95400631808 /* PBXTargetDependency */,
			);
			name = TQFrameworkTests;
			productName = TQFrameworkTests;
			productReference = 098096501978B95400631808 /* TQFrameworkTests.xctest */;
			productType = "com.apple.product-type.bundle.unit-test";
		};
/* End PBXNativeTarget section */

/* Begin PBXProject section */
		0980962D1978B95400631808 /* Project object */ = {
			isa = PBXProject;
			attributes = {
				CLASSPREFIX = HLY;
				LastUpgradeCheck = 0510;
				ORGANIZATIONNAME = huangluyang;
				TargetAttributes = {
					0980964F1978B95400631808 = {
						TestTargetID = 098096341978B95400631808;
					};
				};
			};
			buildConfigurationList = 098096301978B95400631808 /* Build configuration list for PBXProject "TQFramework" */;
			compatibilityVersion = "Xcode 3.2";
			developmentRegion = English;
			hasScannedForEncodings = 0;
			knownRegions = (
				en,
			);
			mainGroup = 0980962C1978B95400631808;
			productRefGroup = 098096361978B95400631808 /* Products */;
			projectDirPath = "";
			projectRoot = "";
			targets = (
				098096341978B95400631808 /* TQFramework */,
				0980964F1978B95400631808 /* TQFrameworkTests */,
			);
		};
/* End PBXProject section */

/* Begin PBXResourcesBuildPhase section */
		098096331978B95400631808 /* Resources */ = {
			isa = PBXResourcesBuildPhase;
			buildActionMask = 2147483647;
			files = (
				099E5DCB19F799090027CF1E /* TencentOpenApi_IOS_Bundle.bundle in Resources */,
				098096431978B95400631808 /* InfoPlist.strings in Resources */,
				099E5DCD19F799090027CF1E /* WeiboSDK.bundle in Resources */,
				099E5DB019F797230027CF1E /* HLYPullToRefreshManager.bundle in Resources */,
				0980964B1978B95400631808 /* Images.xcassets in Resources */,
			);
			runOnlyForDeploymentPostprocessing = 0;
		};
		0980964E1978B95400631808 /* Resources */ = {
			isa = PBXResourcesBuildPhase;
			buildActionMask = 2147483647;
			files = (
				0980965C1978B95400631808 /* InfoPlist.strings in Resources */,
			);
			runOnlyForDeploymentPostprocessing = 0;
		};
/* End PBXResourcesBuildPhase section */

/* Begin PBXShellScriptBuildPhase section */
		079A01E7AAB340EE99B2D9CF /* Copy Pods Resources */ = {
			isa = PBXShellScriptBuildPhase;
			buildActionMask = 2147483647;
			files = (
			);
			inputPaths = (
			);
			name = "Copy Pods Resources";
			outputPaths = (
			);
			runOnlyForDeploymentPostprocessing = 0;
			shellPath = /bin/sh;
			shellScript = "\"${SRCROOT}/Pods/Pods-resources.sh\"\n";
			showEnvVarsInLog = 0;
		};
		BCB9A2A85F6D45BBAF5DC923 /* Check Pods Manifest.lock */ = {
			isa = PBXShellScriptBuildPhase;
			buildActionMask = 2147483647;
			files = (
			);
			inputPaths = (
			);
			name = "Check Pods Manifest.lock";
			outputPaths = (
			);
			runOnlyForDeploymentPostprocessing = 0;
			shellPath = /bin/sh;
			shellScript = "diff \"${PODS_ROOT}/../Podfile.lock\" \"${PODS_ROOT}/Manifest.lock\" > /dev/null\nif [[ $? != 0 ]] ; then\n    cat << EOM\nerror: The sandbox is not in sync with the Podfile.lock. Run 'pod install' or update your CocoaPods installation.\nEOM\n    exit 1\nfi\n";
			showEnvVarsInLog = 0;
		};
/* End PBXShellScriptBuildPhase section */

/* Begin PBXSourcesBuildPhase section */
		098096311978B95400631808 /* Sources */ = {
			isa = PBXSourcesBuildPhase;
			buildActionMask = 2147483647;
			files = (
				099E5DB219F797230027CF1E /* UIView+Frame.m in Sources */,
				098096491978B95400631808 /* HLYAppDelegate.m in Sources */,
				099E5DAC19F797230027CF1E /* TQInputValidator.m in Sources */,
				099E5DBE19F798D80027CF1E /* TQShareActionSheet.m in Sources */,
				099E5DB319F797230027CF1E /* TQShareManager.m in Sources */,
				099E5DAF19F797230027CF1E /* HLYPullToRefreshLoadingView.m in Sources */,
				099E5DB119F797230027CF1E /* HLYPullToRefreshManager.m in Sources */,
				099E5DB819F798370027CF1E /* HLYViewController.m in Sources */,
				099E5DAD19F797230027CF1E /* TQTextField.m in Sources */,
				099E5DBB19F798B00027CF1E /* HLYShareViewController.m in Sources */,
				098096451978B95400631808 /* main.m in Sources */,
				099E5DAB19F797230027CF1E /* TQError.m in Sources */,
				099E5DB419F797230027CF1E /* HLYThemeManager.m in Sources */,
				099E5DA919F797230027CF1E /* HLYAutoLayoutTableManager.m in Sources */,
				099E5DAA19F797230027CF1E /* HLYDateFormatManager.m in Sources */,
			);
			runOnlyForDeploymentPostprocessing = 0;
		};
		0980964C1978B95400631808 /* Sources */ = {
			isa = PBXSourcesBuildPhase;
			buildActionMask = 2147483647;
			files = (
				0980965E1978B95400631808 /* TQFrameworkTests.m in Sources */,
			);
			runOnlyForDeploymentPostprocessing = 0;
		};
/* End PBXSourcesBuildPhase section */

/* Begin PBXTargetDependency section */
		098096561978B95400631808 /* PBXTargetDependency */ = {
			isa = PBXTargetDependency;
			target = 098096341978B95400631808 /* TQFramework */;
			targetProxy = 098096551978B95400631808 /* PBXContainerItemProxy */;
		};
/* End PBXTargetDependency section */

/* Begin PBXVariantGroup section */
		098096411978B95400631808 /* InfoPlist.strings */ = {
			isa = PBXVariantGroup;
			children = (
				098096421978B95400631808 /* en */,
			);
			name = InfoPlist.strings;
			sourceTree = "<group>";
		};
		0980965A1978B95400631808 /* InfoPlist.strings */ = {
			isa = PBXVariantGroup;
			children = (
				0980965B1978B95400631808 /* en */,
			);
			name = InfoPlist.strings;
			sourceTree = "<group>";
		};
/* End PBXVariantGroup section */

/* Begin XCBuildConfiguration section */
		0980965F1978B95400631808 /* Debug */ = {
			isa = XCBuildConfiguration;
			buildSettings = {
				ALWAYS_SEARCH_USER_PATHS = NO;
				CLANG_CXX_LANGUAGE_STANDARD = "gnu++0x";
				CLANG_CXX_LIBRARY = "libc++";
				CLANG_ENABLE_MODULES = YES;
				CLANG_ENABLE_OBJC_ARC = YES;
				CLANG_WARN_BOOL_CONVERSION = YES;
				CLANG_WARN_CONSTANT_CONVERSION = YES;
				CLANG_WARN_DIRECT_OBJC_ISA_USAGE = YES_ERROR;
				CLANG_WARN_EMPTY_BODY = YES;
				CLANG_WARN_ENUM_CONVERSION = YES;
				CLANG_WARN_INT_CONVERSION = YES;
				CLANG_WARN_OBJC_ROOT_CLASS = YES_ERROR;
				CLANG_WARN__DUPLICATE_METHOD_MATCH = YES;
				"CODE_SIGN_IDENTITY[sdk=iphoneos*]" = "iPhone Developer";
				COPY_PHASE_STRIP = NO;
				GCC_C_LANGUAGE_STANDARD = gnu99;
				GCC_DYNAMIC_NO_PIC = NO;
				GCC_OPTIMIZATION_LEVEL = 0;
				GCC_PREPROCESSOR_DEFINITIONS = (
					"DEBUG=1",
					"$(inherited)",
				);
				GCC_SYMBOLS_PRIVATE_EXTERN = NO;
				GCC_WARN_64_TO_32_BIT_CONVERSION = YES;
				GCC_WARN_ABOUT_RETURN_TYPE = YES_ERROR;
				GCC_WARN_UNDECLARED_SELECTOR = YES;
				GCC_WARN_UNINITIALIZED_AUTOS = YES_AGGRESSIVE;
				GCC_WARN_UNUSED_FUNCTION = YES;
				GCC_WARN_UNUSED_VARIABLE = YES;
				IPHONEOS_DEPLOYMENT_TARGET = 7.1;
				ONLY_ACTIVE_ARCH = YES;
				SDKROOT = iphoneos;
				TARGETED_DEVICE_FAMILY = "1,2";
			};
			name = Debug;
		};
		098096601978B95400631808 /* Release */ = {
			isa = XCBuildConfiguration;
			buildSettings = {
				ALWAYS_SEARCH_USER_PATHS = NO;
				CLANG_CXX_LANGUAGE_STANDARD = "gnu++0x";
				CLANG_CXX_LIBRARY = "libc++";
				CLANG_ENABLE_MODULES = YES;
				CLANG_ENABLE_OBJC_ARC = YES;
				CLANG_WARN_BOOL_CONVERSION = YES;
				CLANG_WARN_CONSTANT_CONVERSION = YES;
				CLANG_WARN_DIRECT_OBJC_ISA_USAGE = YES_ERROR;
				CLANG_WARN_EMPTY_BODY = YES;
				CLANG_WARN_ENUM_CONVERSION = YES;
				CLANG_WARN_INT_CONVERSION = YES;
				CLANG_WARN_OBJC_ROOT_CLASS = YES_ERROR;
				CLANG_WARN__DUPLICATE_METHOD_MATCH = YES;
				"CODE_SIGN_IDENTITY[sdk=iphoneos*]" = "iPhone Developer";
				COPY_PHASE_STRIP = YES;
				ENABLE_NS_ASSERTIONS = NO;
				GCC_C_LANGUAGE_STANDARD = gnu99;
				GCC_WARN_64_TO_32_BIT_CONVERSION = YES;
				GCC_WARN_ABOUT_RETURN_TYPE = YES_ERROR;
				GCC_WARN_UNDECLARED_SELECTOR = YES;
				GCC_WARN_UNINITIALIZED_AUTOS = YES_AGGRESSIVE;
				GCC_WARN_UNUSED_FUNCTION = YES;
				GCC_WARN_UNUSED_VARIABLE = YES;
				IPHONEOS_DEPLOYMENT_TARGET = 7.1;
				SDKROOT = iphoneos;
				TARGETED_DEVICE_FAMILY = "1,2";
				VALIDATE_PRODUCT = YES;
			};
			name = Release;
		};
		098096621978B95400631808 /* Debug */ = {
			isa = XCBuildConfiguration;
			baseConfigurationReference = 542A4F2B8C18440D829F3ABB /* Pods.xcconfig */;
			buildSettings = {
				ASSETCATALOG_COMPILER_APPICON_NAME = AppIcon;
				ASSETCATALOG_COMPILER_LAUNCHIMAGE_NAME = LaunchImage;
				FRAMEWORK_SEARCH_PATHS = (
					"$(inherited)",
					"$(PROJECT_DIR)/TQFramework/Components/ShareManager/QQ",
				);
				GCC_PRECOMPILE_PREFIX_HEADER = YES;
				GCC_PREFIX_HEADER = "TQFramework/TQFramework-Prefix.pch";
				INFOPLIST_FILE = "TQFramework/TQFramework-Info.plist";
				LIBRARY_SEARCH_PATHS = (
					"$(inherited)",
					"$(PROJECT_DIR)/TQFramework/Components/ShareManager/Weibo",
					"$(PROJECT_DIR)/TQFramework/Components/ShareManager/Weixin",
				);
				PRODUCT_NAME = "$(TARGET_NAME)";
				WRAPPER_EXTENSION = app;
			};
			name = Debug;
		};
		098096631978B95400631808 /* Release */ = {
			isa = XCBuildConfiguration;
			baseConfigurationReference = 542A4F2B8C18440D829F3ABB /* Pods.xcconfig */;
			buildSettings = {
				ASSETCATALOG_COMPILER_APPICON_NAME = AppIcon;
				ASSETCATALOG_COMPILER_LAUNCHIMAGE_NAME = LaunchImage;
				FRAMEWORK_SEARCH_PATHS = (
					"$(inherited)",
					"$(PROJECT_DIR)/TQFramework/Components/ShareManager/QQ",
				);
				GCC_PRECOMPILE_PREFIX_HEADER = YES;
				GCC_PREFIX_HEADER = "TQFramework/TQFramework-Prefix.pch";
				INFOPLIST_FILE = "TQFramework/TQFramework-Info.plist";
				LIBRARY_SEARCH_PATHS = (
					"$(inherited)",
					"$(PROJECT_DIR)/TQFramework/Components/ShareManager/Weibo",
					"$(PROJECT_DIR)/TQFramework/Components/ShareManager/Weixin",
				);
				PRODUCT_NAME = "$(TARGET_NAME)";
				WRAPPER_EXTENSION = app;
			};
			name = Release;
		};
		098096651978B95400631808 /* Debug */ = {
			isa = XCBuildConfiguration;
			buildSettings = {
				BUNDLE_LOADER = "$(BUILT_PRODUCTS_DIR)/TQFramework.app/TQFramework";
				FRAMEWORK_SEARCH_PATHS = (
					"$(SDKROOT)/Developer/Library/Frameworks",
					"$(inherited)",
					"$(DEVELOPER_FRAMEWORKS_DIR)",
				);
				GCC_PRECOMPILE_PREFIX_HEADER = YES;
				GCC_PREFIX_HEADER = "TQFramework/TQFramework-Prefix.pch";
				GCC_PREPROCESSOR_DEFINITIONS = (
					"DEBUG=1",
					"$(inherited)",
				);
				INFOPLIST_FILE = "TQFrameworkTests/TQFrameworkTests-Info.plist";
				PRODUCT_NAME = "$(TARGET_NAME)";
				TEST_HOST = "$(BUNDLE_LOADER)";
				WRAPPER_EXTENSION = xctest;
			};
			name = Debug;
		};
		098096661978B95400631808 /* Release */ = {
			isa = XCBuildConfiguration;
			buildSettings = {
				BUNDLE_LOADER = "$(BUILT_PRODUCTS_DIR)/TQFramework.app/TQFramework";
				FRAMEWORK_SEARCH_PATHS = (
					"$(SDKROOT)/Developer/Library/Frameworks",
					"$(inherited)",
					"$(DEVELOPER_FRAMEWORKS_DIR)",
				);
				GCC_PRECOMPILE_PREFIX_HEADER = YES;
				GCC_PREFIX_HEADER = "TQFramework/TQFramework-Prefix.pch";
				INFOPLIST_FILE = "TQFrameworkTests/TQFrameworkTests-Info.plist";
				PRODUCT_NAME = "$(TARGET_NAME)";
				TEST_HOST = "$(BUNDLE_LOADER)";
				WRAPPER_EXTENSION = xctest;
			};
			name = Release;
		};
/* End XCBuildConfiguration section */

/* Begin XCConfigurationList section */
		098096301978B95400631808 /* Build configuration list for PBXProject "TQFramework" */ = {
			isa = XCConfigurationList;
			buildConfigurations = (
				0980965F1978B95400631808 /* Debug */,
				098096601978B95400631808 /* Release */,
			);
			defaultConfigurationIsVisible = 0;
			defaultConfigurationName = Release;
		};
		098096611978B95400631808 /* Build configuration list for PBXNativeTarget "TQFramework" */ = {
			isa = XCConfigurationList;
			buildConfigurations = (
				098096621978B95400631808 /* Debug */,
				098096631978B95400631808 /* Release */,
			);
			defaultConfigurationIsVisible = 0;
			defaultConfigurationName = Release;
		};
		098096641978B95400631808 /* Build configuration list for PBXNativeTarget "TQFrameworkTests" */ = {
			isa = XCConfigurationList;
			buildConfigurations = (
				098096651978B95400631808 /* Debug */,
				098096661978B95400631808 /* Release */,
			);
			defaultConfigurationIsVisible = 0;
			defaultConfigurationName = Release;
		};
/* End XCConfigurationList section */
	};
	rootObject = 0980962D1978B95400631808 /* Project object */;
}
