// !$*UTF8*$!
{
	archiveVersion = 1;
	classes = {
	};
	objectVersion = 46;
	objects = {

/* Begin PBXBuildFile section */
		098096391978B95400631808 /* Foundation.framework in Frameworks */ = {isa = PBXBuildFile; fileRef = 098096381978B95400631808 /* Foundation.framework */; };
		0980963B1978B95400631808 /* CoreGraphics.framework in Frameworks */ = {isa = PBXBuildFile; fileRef = 0980963A1978B95400631808 /* CoreGraphics.framework */; };
		0980963D1978B95400631808 /* UIKit.framework in Frameworks */ = {isa = PBXBuildFile; fileRef = 0980963C1978B95400631808 /* UIKit.framework */; };
		098096431978B95400631808 /* InfoPlist.strings in Resources */ = {isa = PBXBuildFile; fileRef = 098096411978B95400631808 /* InfoPlist.strings */; };
		098096451978B95400631808 /* main.m in Sources */ = {isa = PBXBuildFile; fileRef = 098096441978B95400631808 /* main.m */; };
		098096491978B95400631808 /* HLYAppDelegate.m in Sources */ = {isa = PBXBuildFile; fileRef = 098096481978B95400631808 /* HLYAppDelegate.m */; };
		0980964B1978B95400631808 /* Images.xcassets in Resources */ = {isa = PBXBuildFile; fileRef = 0980964A1978B95400631808 /* Images.xcassets */; };
		098096521978B95400631808 /* XCTest.framework in Frameworks */ = {isa = PBXBuildFile; fileRef = 098096511978B95400631808 /* XCTest.framework */; };
		098096531978B95400631808 /* Foundation.framework in Frameworks */ = {isa = PBXBuildFile; fileRef = 098096381978B95400631808 /* Foundation.framework */; };
		098096541978B95400631808 /* UIKit.framework in Frameworks */ = {isa = PBXBuildFile; fileRef = 0980963C1978B95400631808 /* UIKit.framework */; };
		0980965C1978B95400631808 /* InfoPlist.strings in Resources */ = {isa = PBXBuildFile; fileRef = 0980965A1978B95400631808 /* InfoPlist.strings */; };
		0980965E1978B95400631808 /* TQFrameworkTests.m in Sources */ = {isa = PBXBuildFile; fileRef = 0980965D1978B95400631808 /* TQFrameworkTests.m */; };
		099E5DB819F798370027CF1E /* HLYViewController.m in Sources */ = {isa = PBXBuildFile; fileRef = 099E5DB719F798370027CF1E /* HLYViewController.m */; };
		099E5DD019F79C6B0027CF1E /* Localizable.strings in Resources */ = {isa = PBXBuildFile; fileRef = 099E5DCF19F79C6B0027CF1E /* Localizable.strings */; };
		09E77D0B1AE8F9F10070C124 /* HLYAutoLayoutTableManager.m in Sources */ = {isa = PBXBuildFile; fileRef = 09E77CA11AE8F9F10070C124 /* HLYAutoLayoutTableManager.m */; };
		09E77D0C1AE8F9F10070C124 /* HLYCache.m in Sources */ = {isa = PBXBuildFile; fileRef = 09E77CA41AE8F9F10070C124 /* HLYCache.m */; };
		09E77D0D1AE8F9F10070C124 /* NSString+Emoji.m in Sources */ = {isa = PBXBuildFile; fileRef = 09E77CA71AE8F9F10070C124 /* NSString+Emoji.m */; };
		09E77D0E1AE8F9F10070C124 /* HLYDateFormatManager.m in Sources */ = {isa = PBXBuildFile; fileRef = 09E77CAA1AE8F9F10070C124 /* HLYDateFormatManager.m */; };
		09E77D0F1AE8F9F10070C124 /* TQError.m in Sources */ = {isa = PBXBuildFile; fileRef = 09E77CAD1AE8F9F10070C124 /* TQError.m */; };
		09E77D101AE8F9F10070C124 /* TQEmailInputValidator.m in Sources */ = {isa = PBXBuildFile; fileRef = 09E77CB01AE8F9F10070C124 /* TQEmailInputValidator.m */; };
		09E77D111AE8F9F10070C124 /* TQInputValidator.m in Sources */ = {isa = PBXBuildFile; fileRef = 09E77CB21AE8F9F10070C124 /* TQInputValidator.m */; };
		09E77D121AE8F9F10070C124 /* TQNumberInputValidator.m in Sources */ = {isa = PBXBuildFile; fileRef = 09E77CB41AE8F9F10070C124 /* TQNumberInputValidator.m */; };
		09E77D131AE8F9F10070C124 /* TQTextField.m in Sources */ = {isa = PBXBuildFile; fileRef = 09E77CB61AE8F9F10070C124 /* TQTextField.m */; };
		09E77D141AE8F9F10070C124 /* TQTextInputValidator.m in Sources */ = {isa = PBXBuildFile; fileRef = 09E77CB81AE8F9F10070C124 /* TQTextInputValidator.m */; };
		09E77D1B1AE8F9F10070C124 /* HLYShareViewController.m in Sources */ = {isa = PBXBuildFile; fileRef = 09E77CC71AE8F9F10070C124 /* HLYShareViewController.m */; };
		09E77D1C1AE8F9F10070C124 /* TencentOpenAPI.framework in Frameworks */ = {isa = PBXBuildFile; fileRef = 09E77CC91AE8F9F10070C124 /* TencentOpenAPI.framework */; };
		09E77D1D1AE8F9F10070C124 /* TencentOpenApi_IOS_Bundle.bundle in Resources */ = {isa = PBXBuildFile; fileRef = 09E77CCA1AE8F9F10070C124 /* TencentOpenApi_IOS_Bundle.bundle */; };
		09E77D1E1AE8F9F10070C124 /* TQShareActionSheet.m in Sources */ = {isa = PBXBuildFile; fileRef = 09E77CCC1AE8F9F10070C124 /* TQShareActionSheet.m */; };
		09E77D1F1AE8F9F10070C124 /* TQShareManager.m in Sources */ = {isa = PBXBuildFile; fileRef = 09E77CCE1AE8F9F10070C124 /* TQShareManager.m */; };
		09E77D201AE8F9F10070C124 /* UIViewController+Share.m in Sources */ = {isa = PBXBuildFile; fileRef = 09E77CD01AE8F9F10070C124 /* UIViewController+Share.m */; };
		09E77D211AE8F9F10070C124 /* libWeiboSDK.a in Frameworks */ = {isa = PBXBuildFile; fileRef = 09E77CD21AE8F9F10070C124 /* libWeiboSDK.a */; };
		09E77D221AE8F9F10070C124 /* WeiboSDK.bundle in Resources */ = {isa = PBXBuildFile; fileRef = 09E77CD31AE8F9F10070C124 /* WeiboSDK.bundle */; };
		09E77D231AE8F9F10070C124 /* libWeChatSDK.a in Frameworks */ = {isa = PBXBuildFile; fileRef = 09E77CD61AE8F9F10070C124 /* libWeChatSDK.a */; };
		09E77D241AE8F9F10070C124 /* HLYThemeManager.m in Sources */ = {isa = PBXBuildFile; fileRef = 09E77CDB1AE8F9F10070C124 /* HLYThemeManager.m */; };
		09E77D251AE8F9F10070C124 /* TQAutoLayoutLabel.m in Sources */ = {isa = PBXBuildFile; fileRef = 09E77CDF1AE8F9F10070C124 /* TQAutoLayoutLabel.m */; };
		09E77D261AE8F9F10070C124 /* HLYCycleScrollView.m in Sources */ = {isa = PBXBuildFile; fileRef = 09E77CE21AE8F9F10070C124 /* HLYCycleScrollView.m */; };
		09E77D271AE8F9F10070C124 /* HLYDemonstrateView.m in Sources */ = {isa = PBXBuildFile; fileRef = 09E77CE41AE8F9F10070C124 /* HLYDemonstrateView.m */; };
		09E77D281AE8F9F10070C124 /* NSTimer+Addition.m in Sources */ = {isa = PBXBuildFile; fileRef = 09E77CE61AE8F9F10070C124 /* NSTimer+Addition.m */; };
		09E77D291AE8F9F10070C124 /* TQDropList.m in Sources */ = {isa = PBXBuildFile; fileRef = 09E77CE91AE8F9F10070C124 /* TQDropList.m */; };
		09E77D2A1AE8F9F10070C124 /* HLYGridView.m in Sources */ = {isa = PBXBuildFile; fileRef = 09E77CEC1AE8F9F10070C124 /* HLYGridView.m */; };
		09E77D2B1AE8F9F10070C124 /* TQGridView.m in Sources */ = {isa = PBXBuildFile; fileRef = 09E77CEE1AE8F9F10070C124 /* TQGridView.m */; };
		09E77D2C1AE8F9F10070C124 /* TQSimpleGridView.m in Sources */ = {isa = PBXBuildFile; fileRef = 09E77CF01AE8F9F10070C124 /* TQSimpleGridView.m */; };
		09E77D2D1AE8F9F10070C124 /* TQTextGridView.m in Sources */ = {isa = PBXBuildFile; fileRef = 09E77CF21AE8F9F10070C124 /* TQTextGridView.m */; };
		09E77D2E1AE8F9F10070C124 /* TQGroupedTableView.m in Sources */ = {isa = PBXBuildFile; fileRef = 09E77CF51AE8F9F10070C124 /* TQGroupedTableView.m */; };
		09E77D2F1AE8F9F10070C124 /* TQImageContentView.m in Sources */ = {isa = PBXBuildFile; fileRef = 09E77CF81AE8F9F10070C124 /* TQImageContentView.m */; };
		09E77D301AE8F9F10070C124 /* TQImageItemView.m in Sources */ = {isa = PBXBuildFile; fileRef = 09E77CFA1AE8F9F10070C124 /* TQImageItemView.m */; };
		09E77D311AE8F9F10070C124 /* HLYScrollContainerView.m in Sources */ = {isa = PBXBuildFile; fileRef = 09E77CFD1AE8F9F10070C124 /* HLYScrollContainerView.m */; };
		09E77D321AE8F9F10070C124 /* HLYScrollContentItem.m in Sources */ = {isa = PBXBuildFile; fileRef = 09E77CFF1AE8F9F10070C124 /* HLYScrollContentItem.m */; };
		09E77D331AE8F9F10070C124 /* HLYScrollTabbar.m in Sources */ = {isa = PBXBuildFile; fileRef = 09E77D011AE8F9F10070C124 /* HLYScrollTabbar.m */; };
		09E77D341AE8F9F10070C124 /* TableTextView.m in Sources */ = {isa = PBXBuildFile; fileRef = 09E77D041AE8F9F10070C124 /* TableTextView.m */; };
		09E77D351AE8F9F10070C124 /* TQTableViewCell.m in Sources */ = {isa = PBXBuildFile; fileRef = 09E77D061AE8F9F10070C124 /* TQTableViewCell.m */; };
		09E77D361AE8F9F10070C124 /* UITableViewCell+BackgroundShadow.m in Sources */ = {isa = PBXBuildFile; fileRef = 09E77D081AE8F9F10070C124 /* UITableViewCell+BackgroundShadow.m */; };
		09E77D371AE8F9F10070C124 /* UITextField+HitTest.m in Sources */ = {isa = PBXBuildFile; fileRef = 09E77D0A1AE8F9F10070C124 /* UITextField+HitTest.m */; };
		09E77D481AE905520070C124 /* HLYCollectionViewPullToRefreshManager.m in Sources */ = {isa = PBXBuildFile; fileRef = 09E77D3A1AE905510070C124 /* HLYCollectionViewPullToRefreshManager.m */; };
		09E77D491AE905520070C124 /* HLYPullToRefreshLoadingView.m in Sources */ = {isa = PBXBuildFile; fileRef = 09E77D3C1AE905510070C124 /* HLYPullToRefreshLoadingView.m */; };
		09E77D4A1AE905520070C124 /* HLYPullToRefreshManager.bundle in Resources */ = {isa = PBXBuildFile; fileRef = 09E77D3D1AE905510070C124 /* HLYPullToRefreshManager.bundle */; };
		09E77D4B1AE905520070C124 /* HLYPullToRefreshManager.m in Sources */ = {isa = PBXBuildFile; fileRef = 09E77D3F1AE905510070C124 /* HLYPullToRefreshManager.m */; };
		09E77D4C1AE905520070C124 /* HLYTableViewPullToRefreshManager.m in Sources */ = {isa = PBXBuildFile; fileRef = 09E77D411AE905510070C124 /* HLYTableViewPullToRefreshManager.m */; };
		09E77D4D1AE905520070C124 /* SimpleImagePullToRefreshLoaddingView+Pocket.m in Sources */ = {isa = PBXBuildFile; fileRef = 09E77D431AE905520070C124 /* SimpleImagePullToRefreshLoaddingView+Pocket.m */; };
		09E77D4E1AE905520070C124 /* SimpleImagePullToRefreshLoaddingView.m in Sources */ = {isa = PBXBuildFile; fileRef = 09E77D451AE905520070C124 /* SimpleImagePullToRefreshLoaddingView.m */; };
		09E77D4F1AE905520070C124 /* UIView+Frame.m in Sources */ = {isa = PBXBuildFile; fileRef = 09E77D471AE905520070C124 /* UIView+Frame.m */; };
		09E77D581AE90BCE0070C124 /* backgroundStar.png in Resources */ = {isa = PBXBuildFile; fileRef = 09E77D521AE90BCE0070C124 /* backgroundStar.png */; };
		09E77D591AE90BCE0070C124 /* backgroundStar@2x.png in Resources */ = {isa = PBXBuildFile; fileRef = 09E77D531AE90BCE0070C124 /* backgroundStar@2x.png */; };
		09E77D5A1AE90BCE0070C124 /* foregroundStar.png in Resources */ = {isa = PBXBuildFile; fileRef = 09E77D541AE90BCE0070C124 /* foregroundStar.png */; };
		09E77D5B1AE90BCE0070C124 /* foregroundStar@2x.png in Resources */ = {isa = PBXBuildFile; fileRef = 09E77D551AE90BCE0070C124 /* foregroundStar@2x.png */; };
		09E77D5C1AE90BCE0070C124 /* TQStarRatingView.m in Sources */ = {isa = PBXBuildFile; fileRef = 09E77D571AE90BCE0070C124 /* TQStarRatingView.m */; };
		DB634D75DBC24D42B53DABD3 /* libPods.a in Frameworks */ = {isa = PBXBuildFile; fileRef = 076E00F110854E978FAF8FEB /* libPods.a */; };
/* End PBXBuildFile section */

/* Begin PBXContainerItemProxy section */
		098096551978B95400631808 /* PBXContainerItemProxy */ = {
			isa = PBXContainerItemProxy;
			containerPortal = 0980962D1978B95400631808 /* Project object */;
			proxyType = 1;
			remoteGlobalIDString = 098096341978B95400631808;
			remoteInfo = TQFramework;
		};
/* End PBXContainerItemProxy section */

/* Begin PBXFileReference section */
		076E00F110854E978FAF8FEB /* libPods.a */ = {isa = PBXFileReference; explicitFileType = archive.ar; includeInIndex = 0; path = libPods.a; sourceTree = BUILT_PRODUCTS_DIR; };
		098096351978B95400631808 /* TQFramework.app */ = {isa = PBXFileReference; explicitFileType = wrapper.application; includeInIndex = 0; path = TQFramework.app; sourceTree = BUILT_PRODUCTS_DIR; };
		098096381978B95400631808 /* Foundation.framework */ = {isa = PBXFileReference; lastKnownFileType = wrapper.framework; name = Foundation.framework; path = System/Library/Frameworks/Foundation.framework; sourceTree = SDKROOT; };
		0980963A1978B95400631808 /* CoreGraphics.framework */ = {isa = PBXFileReference; lastKnownFileType = wrapper.framework; name = CoreGraphics.framework; path = System/Library/Frameworks/CoreGraphics.framework; sourceTree = SDKROOT; };
		0980963C1978B95400631808 /* UIKit.framework */ = {isa = PBXFileReference; lastKnownFileType = wrapper.framework; name = UIKit.framework; path = System/Library/Frameworks/UIKit.framework; sourceTree = SDKROOT; };
		098096401978B95400631808 /* TQFramework-Info.plist */ = {isa = PBXFileReference; lastKnownFileType = text.plist.xml; path = "TQFramework-Info.plist"; sourceTree = "<group>"; };
		098096421978B95400631808 /* en */ = {isa = PBXFileReference; lastKnownFileType = text.plist.strings; name = en; path = en.lproj/InfoPlist.strings; sourceTree = "<group>"; };
		098096441978B95400631808 /* main.m */ = {isa = PBXFileReference; lastKnownFileType = sourcecode.c.objc; path = main.m; sourceTree = "<group>"; };
		098096461978B95400631808 /* TQFramework-Prefix.pch */ = {isa = PBXFileReference; lastKnownFileType = sourcecode.c.h; path = "TQFramework-Prefix.pch"; sourceTree = "<group>"; };
		098096471978B95400631808 /* HLYAppDelegate.h */ = {isa = PBXFileReference; lastKnownFileType = sourcecode.c.h; path = HLYAppDelegate.h; sourceTree = "<group>"; };
		098096481978B95400631808 /* HLYAppDelegate.m */ = {isa = PBXFileReference; lastKnownFileType = sourcecode.c.objc; path = HLYAppDelegate.m; sourceTree = "<group>"; };
		0980964A1978B95400631808 /* Images.xcassets */ = {isa = PBXFileReference; lastKnownFileType = folder.assetcatalog; path = Images.xcassets; sourceTree = "<group>"; };
		098096501978B95400631808 /* TQFrameworkTests.xctest */ = {isa = PBXFileReference; explicitFileType = wrapper.cfbundle; includeInIndex = 0; path = TQFrameworkTests.xctest; sourceTree = BUILT_PRODUCTS_DIR; };
		098096511978B95400631808 /* XCTest.framework */ = {isa = PBXFileReference; lastKnownFileType = wrapper.framework; name = XCTest.framework; path = Library/Frameworks/XCTest.framework; sourceTree = DEVELOPER_DIR; };
		098096591978B95400631808 /* TQFrameworkTests-Info.plist */ = {isa = PBXFileReference; lastKnownFileType = text.plist.xml; path = "TQFrameworkTests-Info.plist"; sourceTree = "<group>"; };
		0980965B1978B95400631808 /* en */ = {isa = PBXFileReference; lastKnownFileType = text.plist.strings; name = en; path = en.lproj/InfoPlist.strings; sourceTree = "<group>"; };
		0980965D1978B95400631808 /* TQFrameworkTests.m */ = {isa = PBXFileReference; lastKnownFileType = sourcecode.c.objc; path = TQFrameworkTests.m; sourceTree = "<group>"; };
		099E5DB619F798370027CF1E /* HLYViewController.h */ = {isa = PBXFileReference; fileEncoding = 4; lastKnownFileType = sourcecode.c.h; path = HLYViewController.h; sourceTree = "<group>"; };
		099E5DB719F798370027CF1E /* HLYViewController.m */ = {isa = PBXFileReference; fileEncoding = 4; lastKnownFileType = sourcecode.c.objc; path = HLYViewController.m; sourceTree = "<group>"; };
		099E5DCF19F79C6B0027CF1E /* Localizable.strings */ = {isa = PBXFileReference; fileEncoding = 4; lastKnownFileType = text.plist.strings; path = Localizable.strings; sourceTree = "<group>"; };
		09E77CA01AE8F9F10070C124 /* HLYAutoLayoutTableManager.h */ = {isa = PBXFileReference; fileEncoding = 4; lastKnownFileType = sourcecode.c.h; path = HLYAutoLayoutTableManager.h; sourceTree = "<group>"; };
		09E77CA11AE8F9F10070C124 /* HLYAutoLayoutTableManager.m */ = {isa = PBXFileReference; fileEncoding = 4; lastKnownFileType = sourcecode.c.objc; path = HLYAutoLayoutTableManager.m; sourceTree = "<group>"; };
		09E77CA31AE8F9F10070C124 /* HLYCache.h */ = {isa = PBXFileReference; fileEncoding = 4; lastKnownFileType = sourcecode.c.h; path = HLYCache.h; sourceTree = "<group>"; };
		09E77CA41AE8F9F10070C124 /* HLYCache.m */ = {isa = PBXFileReference; fileEncoding = 4; lastKnownFileType = sourcecode.c.objc; path = HLYCache.m; sourceTree = "<group>"; };
		09E77CA61AE8F9F10070C124 /* NSString+Emoji.h */ = {isa = PBXFileReference; fileEncoding = 4; lastKnownFileType = sourcecode.c.h; path = "NSString+Emoji.h"; sourceTree = "<group>"; };
		09E77CA71AE8F9F10070C124 /* NSString+Emoji.m */ = {isa = PBXFileReference; fileEncoding = 4; lastKnownFileType = sourcecode.c.objc; path = "NSString+Emoji.m"; sourceTree = "<group>"; };
		09E77CA91AE8F9F10070C124 /* HLYDateFormatManager.h */ = {isa = PBXFileReference; fileEncoding = 4; lastKnownFileType = sourcecode.c.h; path = HLYDateFormatManager.h; sourceTree = "<group>"; };
		09E77CAA1AE8F9F10070C124 /* HLYDateFormatManager.m */ = {isa = PBXFileReference; fileEncoding = 4; lastKnownFileType = sourcecode.c.objc; path = HLYDateFormatManager.m; sourceTree = "<group>"; };
		09E77CAC1AE8F9F10070C124 /* TQError.h */ = {isa = PBXFileReference; fileEncoding = 4; lastKnownFileType = sourcecode.c.h; path = TQError.h; sourceTree = "<group>"; };
		09E77CAD1AE8F9F10070C124 /* TQError.m */ = {isa = PBXFileReference; fileEncoding = 4; lastKnownFileType = sourcecode.c.objc; path = TQError.m; sourceTree = "<group>"; };
		09E77CAF1AE8F9F10070C124 /* TQEmailInputValidator.h */ = {isa = PBXFileReference; fileEncoding = 4; lastKnownFileType = sourcecode.c.h; path = TQEmailInputValidator.h; sourceTree = "<group>"; };
		09E77CB01AE8F9F10070C124 /* TQEmailInputValidator.m */ = {isa = PBXFileReference; fileEncoding = 4; lastKnownFileType = sourcecode.c.objc; path = TQEmailInputValidator.m; sourceTree = "<group>"; };
		09E77CB11AE8F9F10070C124 /* TQInputValidator.h */ = {isa = PBXFileReference; fileEncoding = 4; lastKnownFileType = sourcecode.c.h; path = TQInputValidator.h; sourceTree = "<group>"; };
		09E77CB21AE8F9F10070C124 /* TQInputValidator.m */ = {isa = PBXFileReference; fileEncoding = 4; lastKnownFileType = sourcecode.c.objc; path = TQInputValidator.m; sourceTree = "<group>"; };
		09E77CB31AE8F9F10070C124 /* TQNumberInputValidator.h */ = {isa = PBXFileReference; fileEncoding = 4; lastKnownFileType = sourcecode.c.h; path = TQNumberInputValidator.h; sourceTree = "<group>"; };
		09E77CB41AE8F9F10070C124 /* TQNumberInputValidator.m */ = {isa = PBXFileReference; fileEncoding = 4; lastKnownFileType = sourcecode.c.objc; path = TQNumberInputValidator.m; sourceTree = "<group>"; };
		09E77CB51AE8F9F10070C124 /* TQTextField.h */ = {isa = PBXFileReference; fileEncoding = 4; lastKnownFileType = sourcecode.c.h; path = TQTextField.h; sourceTree = "<group>"; };
		09E77CB61AE8F9F10070C124 /* TQTextField.m */ = {isa = PBXFileReference; fileEncoding = 4; lastKnownFileType = sourcecode.c.objc; path = TQTextField.m; sourceTree = "<group>"; };
		09E77CB71AE8F9F10070C124 /* TQTextInputValidator.h */ = {isa = PBXFileReference; fileEncoding = 4; lastKnownFileType = sourcecode.c.h; path = TQTextInputValidator.h; sourceTree = "<group>"; };
		09E77CB81AE8F9F10070C124 /* TQTextInputValidator.m */ = {isa = PBXFileReference; fileEncoding = 4; lastKnownFileType = sourcecode.c.objc; path = TQTextInputValidator.m; sourceTree = "<group>"; };
		09E77CC61AE8F9F10070C124 /* HLYShareViewController.h */ = {isa = PBXFileReference; fileEncoding = 4; lastKnownFileType = sourcecode.c.h; path = HLYShareViewController.h; sourceTree = "<group>"; };
		09E77CC71AE8F9F10070C124 /* HLYShareViewController.m */ = {isa = PBXFileReference; fileEncoding = 4; lastKnownFileType = sourcecode.c.objc; path = HLYShareViewController.m; sourceTree = "<group>"; };
		09E77CC91AE8F9F10070C124 /* TencentOpenAPI.framework */ = {isa = PBXFileReference; lastKnownFileType = wrapper.framework; path = TencentOpenAPI.framework; sourceTree = "<group>"; };
		09E77CCA1AE8F9F10070C124 /* TencentOpenApi_IOS_Bundle.bundle */ = {isa = PBXFileReference; lastKnownFileType = "wrapper.plug-in"; path = TencentOpenApi_IOS_Bundle.bundle; sourceTree = "<group>"; };
		09E77CCB1AE8F9F10070C124 /* TQShareActionSheet.h */ = {isa = PBXFileReference; fileEncoding = 4; lastKnownFileType = sourcecode.c.h; path = TQShareActionSheet.h; sourceTree = "<group>"; };
		09E77CCC1AE8F9F10070C124 /* TQShareActionSheet.m */ = {isa = PBXFileReference; fileEncoding = 4; lastKnownFileType = sourcecode.c.objc; path = TQShareActionSheet.m; sourceTree = "<group>"; };
		09E77CCD1AE8F9F10070C124 /* TQShareManager.h */ = {isa = PBXFileReference; fileEncoding = 4; lastKnownFileType = sourcecode.c.h; path = TQShareManager.h; sourceTree = "<group>"; };
		09E77CCE1AE8F9F10070C124 /* TQShareManager.m */ = {isa = PBXFileReference; fileEncoding = 4; lastKnownFileType = sourcecode.c.objc; path = TQShareManager.m; sourceTree = "<group>"; };
		09E77CCF1AE8F9F10070C124 /* UIViewController+Share.h */ = {isa = PBXFileReference; fileEncoding = 4; lastKnownFileType = sourcecode.c.h; path = "UIViewController+Share.h"; sourceTree = "<group>"; };
		09E77CD01AE8F9F10070C124 /* UIViewController+Share.m */ = {isa = PBXFileReference; fileEncoding = 4; lastKnownFileType = sourcecode.c.objc; path = "UIViewController+Share.m"; sourceTree = "<group>"; };
		09E77CD21AE8F9F10070C124 /* libWeiboSDK.a */ = {isa = PBXFileReference; lastKnownFileType = archive.ar; path = libWeiboSDK.a; sourceTree = "<group>"; };
		09E77CD31AE8F9F10070C124 /* WeiboSDK.bundle */ = {isa = PBXFileReference; lastKnownFileType = "wrapper.plug-in"; path = WeiboSDK.bundle; sourceTree = "<group>"; };
		09E77CD41AE8F9F10070C124 /* WeiboSDK.h */ = {isa = PBXFileReference; fileEncoding = 4; lastKnownFileType = sourcecode.c.h; path = WeiboSDK.h; sourceTree = "<group>"; };
		09E77CD61AE8F9F10070C124 /* libWeChatSDK.a */ = {isa = PBXFileReference; lastKnownFileType = archive.ar; path = libWeChatSDK.a; sourceTree = "<group>"; };
		09E77CD71AE8F9F10070C124 /* WXApi.h */ = {isa = PBXFileReference; fileEncoding = 4; lastKnownFileType = sourcecode.c.h; path = WXApi.h; sourceTree = "<group>"; };
		09E77CD81AE8F9F10070C124 /* WXApiObject.h */ = {isa = PBXFileReference; fileEncoding = 4; lastKnownFileType = sourcecode.c.h; path = WXApiObject.h; sourceTree = "<group>"; };
		09E77CDA1AE8F9F10070C124 /* HLYThemeManager.h */ = {isa = PBXFileReference; fileEncoding = 4; lastKnownFileType = sourcecode.c.h; path = HLYThemeManager.h; sourceTree = "<group>"; };
		09E77CDB1AE8F9F10070C124 /* HLYThemeManager.m */ = {isa = PBXFileReference; fileEncoding = 4; lastKnownFileType = sourcecode.c.objc; path = HLYThemeManager.m; sourceTree = "<group>"; };
		09E77CDE1AE8F9F10070C124 /* TQAutoLayoutLabel.h */ = {isa = PBXFileReference; fileEncoding = 4; lastKnownFileType = sourcecode.c.h; path = TQAutoLayoutLabel.h; sourceTree = "<group>"; };
		09E77CDF1AE8F9F10070C124 /* TQAutoLayoutLabel.m */ = {isa = PBXFileReference; fileEncoding = 4; lastKnownFileType = sourcecode.c.objc; path = TQAutoLayoutLabel.m; sourceTree = "<group>"; };
		09E77CE11AE8F9F10070C124 /* HLYCycleScrollView.h */ = {isa = PBXFileReference; fileEncoding = 4; lastKnownFileType = sourcecode.c.h; path = HLYCycleScrollView.h; sourceTree = "<group>"; };
		09E77CE21AE8F9F10070C124 /* HLYCycleScrollView.m */ = {isa = PBXFileReference; fileEncoding = 4; lastKnownFileType = sourcecode.c.objc; path = HLYCycleScrollView.m; sourceTree = "<group>"; };
		09E77CE31AE8F9F10070C124 /* HLYDemonstrateView.h */ = {isa = PBXFileReference; fileEncoding = 4; lastKnownFileType = sourcecode.c.h; path = HLYDemonstrateView.h; sourceTree = "<group>"; };
		09E77CE41AE8F9F10070C124 /* HLYDemonstrateView.m */ = {isa = PBXFileReference; fileEncoding = 4; lastKnownFileType = sourcecode.c.objc; path = HLYDemonstrateView.m; sourceTree = "<group>"; };
		09E77CE51AE8F9F10070C124 /* NSTimer+Addition.h */ = {isa = PBXFileReference; fileEncoding = 4; lastKnownFileType = sourcecode.c.h; path = "NSTimer+Addition.h"; sourceTree = "<group>"; };
		09E77CE61AE8F9F10070C124 /* NSTimer+Addition.m */ = {isa = PBXFileReference; fileEncoding = 4; lastKnownFileType = sourcecode.c.objc; path = "NSTimer+Addition.m"; sourceTree = "<group>"; };
		09E77CE81AE8F9F10070C124 /* TQDropList.h */ = {isa = PBXFileReference; fileEncoding = 4; lastKnownFileType = sourcecode.c.h; path = TQDropList.h; sourceTree = "<group>"; };
		09E77CE91AE8F9F10070C124 /* TQDropList.m */ = {isa = PBXFileReference; fileEncoding = 4; lastKnownFileType = sourcecode.c.objc; path = TQDropList.m; sourceTree = "<group>"; };
		09E77CEB1AE8F9F10070C124 /* HLYGridView.h */ = {isa = PBXFileReference; fileEncoding = 4; lastKnownFileType = sourcecode.c.h; path = HLYGridView.h; sourceTree = "<group>"; };
		09E77CEC1AE8F9F10070C124 /* HLYGridView.m */ = {isa = PBXFileReference; fileEncoding = 4; lastKnownFileType = sourcecode.c.objc; path = HLYGridView.m; sourceTree = "<group>"; };
		09E77CED1AE8F9F10070C124 /* TQGridView.h */ = {isa = PBXFileReference; fileEncoding = 4; lastKnownFileType = sourcecode.c.h; path = TQGridView.h; sourceTree = "<group>"; };
		09E77CEE1AE8F9F10070C124 /* TQGridView.m */ = {isa = PBXFileReference; fileEncoding = 4; lastKnownFileType = sourcecode.c.objc; path = TQGridView.m; sourceTree = "<group>"; };
		09E77CEF1AE8F9F10070C124 /* TQSimpleGridView.h */ = {isa = PBXFileReference; fileEncoding = 4; lastKnownFileType = sourcecode.c.h; path = TQSimpleGridView.h; sourceTree = "<group>"; };
		09E77CF01AE8F9F10070C124 /* TQSimpleGridView.m */ = {isa = PBXFileReference; fileEncoding = 4; lastKnownFileType = sourcecode.c.objc; path = TQSimpleGridView.m; sourceTree = "<group>"; };
		09E77CF11AE8F9F10070C124 /* TQTextGridView.h */ = {isa = PBXFileReference; fileEncoding = 4; lastKnownFileType = sourcecode.c.h; path = TQTextGridView.h; sourceTree = "<group>"; };
		09E77CF21AE8F9F10070C124 /* TQTextGridView.m */ = {isa = PBXFileReference; fileEncoding = 4; lastKnownFileType = sourcecode.c.objc; path = TQTextGridView.m; sourceTree = "<group>"; };
		09E77CF41AE8F9F10070C124 /* TQGroupedTableView.h */ = {isa = PBXFileReference; fileEncoding = 4; lastKnownFileType = sourcecode.c.h; path = TQGroupedTableView.h; sourceTree = "<group>"; };
		09E77CF51AE8F9F10070C124 /* TQGroupedTableView.m */ = {isa = PBXFileReference; fileEncoding = 4; lastKnownFileType = sourcecode.c.objc; path = TQGroupedTableView.m; sourceTree = "<group>"; };
		09E77CF71AE8F9F10070C124 /* TQImageContentView.h */ = {isa = PBXFileReference; fileEncoding = 4; lastKnownFileType = sourcecode.c.h; path = TQImageContentView.h; sourceTree = "<group>"; };
		09E77CF81AE8F9F10070C124 /* TQImageContentView.m */ = {isa = PBXFileReference; fileEncoding = 4; lastKnownFileType = sourcecode.c.objc; path = TQImageContentView.m; sourceTree = "<group>"; };
		09E77CF91AE8F9F10070C124 /* TQImageItemView.h */ = {isa = PBXFileReference; fileEncoding = 4; lastKnownFileType = sourcecode.c.h; path = TQImageItemView.h; sourceTree = "<group>"; };
		09E77CFA1AE8F9F10070C124 /* TQImageItemView.m */ = {isa = PBXFileReference; fileEncoding = 4; lastKnownFileType = sourcecode.c.objc; path = TQImageItemView.m; sourceTree = "<group>"; };
		09E77CFC1AE8F9F10070C124 /* HLYScrollContainerView.h */ = {isa = PBXFileReference; fileEncoding = 4; lastKnownFileType = sourcecode.c.h; path = HLYScrollContainerView.h; sourceTree = "<group>"; };
		09E77CFD1AE8F9F10070C124 /* HLYScrollContainerView.m */ = {isa = PBXFileReference; fileEncoding = 4; lastKnownFileType = sourcecode.c.objc; path = HLYScrollContainerView.m; sourceTree = "<group>"; };
		09E77CFE1AE8F9F10070C124 /* HLYScrollContentItem.h */ = {isa = PBXFileReference; fileEncoding = 4; lastKnownFileType = sourcecode.c.h; path = HLYScrollContentItem.h; sourceTree = "<group>"; };
		09E77CFF1AE8F9F10070C124 /* HLYScrollContentItem.m */ = {isa = PBXFileReference; fileEncoding = 4; lastKnownFileType = sourcecode.c.objc; path = HLYScrollContentItem.m; sourceTree = "<group>"; };
		09E77D001AE8F9F10070C124 /* HLYScrollTabbar.h */ = {isa = PBXFileReference; fileEncoding = 4; lastKnownFileType = sourcecode.c.h; path = HLYScrollTabbar.h; sourceTree = "<group>"; };
		09E77D011AE8F9F10070C124 /* HLYScrollTabbar.m */ = {isa = PBXFileReference; fileEncoding = 4; lastKnownFileType = sourcecode.c.objc; path = HLYScrollTabbar.m; sourceTree = "<group>"; };
		09E77D031AE8F9F10070C124 /* TableTextView.h */ = {isa = PBXFileReference; fileEncoding = 4; lastKnownFileType = sourcecode.c.h; path = TableTextView.h; sourceTree = "<group>"; };
		09E77D041AE8F9F10070C124 /* TableTextView.m */ = {isa = PBXFileReference; fileEncoding = 4; lastKnownFileType = sourcecode.c.objc; path = TableTextView.m; sourceTree = "<group>"; };
		09E77D051AE8F9F10070C124 /* TQTableViewCell.h */ = {isa = PBXFileReference; fileEncoding = 4; lastKnownFileType = sourcecode.c.h; path = TQTableViewCell.h; sourceTree = "<group>"; };
		09E77D061AE8F9F10070C124 /* TQTableViewCell.m */ = {isa = PBXFileReference; fileEncoding = 4; lastKnownFileType = sourcecode.c.objc; path = TQTableViewCell.m; sourceTree = "<group>"; };
		09E77D071AE8F9F10070C124 /* UITableViewCell+BackgroundShadow.h */ = {isa = PBXFileReference; fileEncoding = 4; lastKnownFileType = sourcecode.c.h; path = "UITableViewCell+BackgroundShadow.h"; sourceTree = "<group>"; };
		09E77D081AE8F9F10070C124 /* UITableViewCell+BackgroundShadow.m */ = {isa = PBXFileReference; fileEncoding = 4; lastKnownFileType = sourcecode.c.objc; path = "UITableViewCell+BackgroundShadow.m"; sourceTree = "<group>"; };
		09E77D091AE8F9F10070C124 /* UITextField+HitTest.h */ = {isa = PBXFileReference; fileEncoding = 4; lastKnownFileType = sourcecode.c.h; path = "UITextField+HitTest.h"; sourceTree = "<group>"; };
		09E77D0A1AE8F9F10070C124 /* UITextField+HitTest.m */ = {isa = PBXFileReference; fileEncoding = 4; lastKnownFileType = sourcecode.c.objc; path = "UITextField+HitTest.m"; sourceTree = "<group>"; };
		09E77D391AE905510070C124 /* HLYCollectionViewPullToRefreshManager.h */ = {isa = PBXFileReference; fileEncoding = 4; lastKnownFileType = sourcecode.c.h; path = HLYCollectionViewPullToRefreshManager.h; sourceTree = "<group>"; };
		09E77D3A1AE905510070C124 /* HLYCollectionViewPullToRefreshManager.m */ = {isa = PBXFileReference; fileEncoding = 4; lastKnownFileType = sourcecode.c.objc; path = HLYCollectionViewPullToRefreshManager.m; sourceTree = "<group>"; };
		09E77D3B1AE905510070C124 /* HLYPullToRefreshLoadingView.h */ = {isa = PBXFileReference; fileEncoding = 4; lastKnownFileType = sourcecode.c.h; path = HLYPullToRefreshLoadingView.h; sourceTree = "<group>"; };
		09E77D3C1AE905510070C124 /* HLYPullToRefreshLoadingView.m */ = {isa = PBXFileReference; fileEncoding = 4; lastKnownFileType = sourcecode.c.objc; path = HLYPullToRefreshLoadingView.m; sourceTree = "<group>"; };
		09E77D3D1AE905510070C124 /* HLYPullToRefreshManager.bundle */ = {isa = PBXFileReference; lastKnownFileType = "wrapper.plug-in"; path = HLYPullToRefreshManager.bundle; sourceTree = "<group>"; };
		09E77D3E1AE905510070C124 /* HLYPullToRefreshManager.h */ = {isa = PBXFileReference; fileEncoding = 4; lastKnownFileType = sourcecode.c.h; path = HLYPullToRefreshManager.h; sourceTree = "<group>"; };
		09E77D3F1AE905510070C124 /* HLYPullToRefreshManager.m */ = {isa = PBXFileReference; fileEncoding = 4; lastKnownFileType = sourcecode.c.objc; path = HLYPullToRefreshManager.m; sourceTree = "<group>"; };
		09E77D401AE905510070C124 /* HLYTableViewPullToRefreshManager.h */ = {isa = PBXFileReference; fileEncoding = 4; lastKnownFileType = sourcecode.c.h; path = HLYTableViewPullToRefreshManager.h; sourceTree = "<group>"; };
		09E77D411AE905510070C124 /* HLYTableViewPullToRefreshManager.m */ = {isa = PBXFileReference; fileEncoding = 4; lastKnownFileType = sourcecode.c.objc; path = HLYTableViewPullToRefreshManager.m; sourceTree = "<group>"; };
		09E77D421AE905520070C124 /* SimpleImagePullToRefreshLoaddingView+Pocket.h */ = {isa = PBXFileReference; fileEncoding = 4; lastKnownFileType = sourcecode.c.h; path = "SimpleImagePullToRefreshLoaddingView+Pocket.h"; sourceTree = "<group>"; };
		09E77D431AE905520070C124 /* SimpleImagePullToRefreshLoaddingView+Pocket.m */ = {isa = PBXFileReference; fileEncoding = 4; lastKnownFileType = sourcecode.c.objc; path = "SimpleImagePullToRefreshLoaddingView+Pocket.m"; sourceTree = "<group>"; };
		09E77D441AE905520070C124 /* SimpleImagePullToRefreshLoaddingView.h */ = {isa = PBXFileReference; fileEncoding = 4; lastKnownFileType = sourcecode.c.h; path = SimpleImagePullToRefreshLoaddingView.h; sourceTree = "<group>"; };
		09E77D451AE905520070C124 /* SimpleImagePullToRefreshLoaddingView.m */ = {isa = PBXFileReference; fileEncoding = 4; lastKnownFileType = sourcecode.c.objc; path = SimpleImagePullToRefreshLoaddingView.m; sourceTree = "<group>"; };
		09E77D461AE905520070C124 /* UIView+Frame.h */ = {isa = PBXFileReference; fileEncoding = 4; lastKnownFileType = sourcecode.c.h; path = "UIView+Frame.h"; sourceTree = "<group>"; };
		09E77D471AE905520070C124 /* UIView+Frame.m */ = {isa = PBXFileReference; fileEncoding = 4; lastKnownFileType = sourcecode.c.objc; path = "UIView+Frame.m"; sourceTree = "<group>"; };
		09E77D521AE90BCE0070C124 /* backgroundStar.png */ = {isa = PBXFileReference; lastKnownFileType = image.png; path = backgroundStar.png; sourceTree = "<group>"; };
		09E77D531AE90BCE0070C124 /* backgroundStar@2x.png */ = {isa = PBXFileReference; lastKnownFileType = image.png; path = "backgroundStar@2x.png"; sourceTree = "<group>"; };
		09E77D541AE90BCE0070C124 /* foregroundStar.png */ = {isa = PBXFileReference; lastKnownFileType = image.png; path = foregroundStar.png; sourceTree = "<group>"; };
		09E77D551AE90BCE0070C124 /* foregroundStar@2x.png */ = {isa = PBXFileReference; lastKnownFileType = image.png; path = "foregroundStar@2x.png"; sourceTree = "<group>"; };
		09E77D561AE90BCE0070C124 /* TQStarRatingView.h */ = {isa = PBXFileReference; fileEncoding = 4; lastKnownFileType = sourcecode.c.h; path = TQStarRatingView.h; sourceTree = "<group>"; };
		09E77D571AE90BCE0070C124 /* TQStarRatingView.m */ = {isa = PBXFileReference; fileEncoding = 4; lastKnownFileType = sourcecode.c.objc; path = TQStarRatingView.m; sourceTree = "<group>"; };
		542A4F2B8C18440D829F3ABB /* Pods.xcconfig */ = {isa = PBXFileReference; includeInIndex = 1; lastKnownFileType = text.xcconfig; name = Pods.xcconfig; path = Pods/Pods.xcconfig; sourceTree = "<group>"; };
/* End PBXFileReference section */

/* Begin PBXFrameworksBuildPhase section */
		098096321978B95400631808 /* Frameworks */ = {
			isa = PBXFrameworksBuildPhase;
			buildActionMask = 2147483647;
			files = (
				09E77D231AE8F9F10070C124 /* libWeChatSDK.a in Frameworks */,
				09E77D1C1AE8F9F10070C124 /* TencentOpenAPI.framework in Frameworks */,
				09E77D211AE8F9F10070C124 /* libWeiboSDK.a in Frameworks */,
				0980963B1978B95400631808 /* CoreGraphics.framework in Frameworks */,
				0980963D1978B95400631808 /* UIKit.framework in Frameworks */,
				098096391978B95400631808 /* Foundation.framework in Frameworks */,
				DB634D75DBC24D42B53DABD3 /* libPods.a in Frameworks */,
			);
			runOnlyForDeploymentPostprocessing = 0;
		};
		0980964D1978B95400631808 /* Frameworks */ = {
			isa = PBXFrameworksBuildPhase;
			buildActionMask = 2147483647;
			files = (
				098096521978B95400631808 /* XCTest.framework in Frameworks */,
				098096541978B95400631808 /* UIKit.framework in Frameworks */,
				098096531978B95400631808 /* Foundation.framework in Frameworks */,
			);
			runOnlyForDeploymentPostprocessing = 0;
		};
/* End PBXFrameworksBuildPhase section */

/* Begin PBXGroup section */
		065E05F9197BBB1A00F77D82 /* ViewControllers */ = {
			isa = PBXGroup;
			children = (
				099E5DB519F798370027CF1E /* Base */,
			);
			name = ViewControllers;
			sourceTree = "<group>";
		};
		0980962C1978B95400631808 = {
			isa = PBXGroup;
			children = (
				0980963E1978B95400631808 /* TQFramework */,
				098096571978B95400631808 /* TQFrameworkTests */,
				098096371978B95400631808 /* Frameworks */,
				098096361978B95400631808 /* Products */,
				542A4F2B8C18440D829F3ABB /* Pods.xcconfig */,
			);
			sourceTree = "<group>";
		};
		098096361978B95400631808 /* Products */ = {
			isa = PBXGroup;
			children = (
				098096351978B95400631808 /* TQFramework.app */,
				098096501978B95400631808 /* TQFrameworkTests.xctest */,
			);
			name = Products;
			sourceTree = "<group>";
		};
		098096371978B95400631808 /* Frameworks */ = {
			isa = PBXGroup;
			children = (
				098096381978B95400631808 /* Foundation.framework */,
				0980963A1978B95400631808 /* CoreGraphics.framework */,
				0980963C1978B95400631808 /* UIKit.framework */,
				098096511978B95400631808 /* XCTest.framework */,
				076E00F110854E978FAF8FEB /* libPods.a */,
			);
			name = Frameworks;
			sourceTree = "<group>";
		};
		0980963E1978B95400631808 /* TQFramework */ = {
			isa = PBXGroup;
			children = (
				098096471978B95400631808 /* HLYAppDelegate.h */,
				098096481978B95400631808 /* HLYAppDelegate.m */,
				09E77C9E1AE8F9F10070C124 /* Components */,
				065E05F9197BBB1A00F77D82 /* ViewControllers */,
				0980964A1978B95400631808 /* Images.xcassets */,
				0980963F1978B95400631808 /* Supporting Files */,
			);
			path = TQFramework;
			sourceTree = "<group>";
		};
		0980963F1978B95400631808 /* Supporting Files */ = {
			isa = PBXGroup;
			children = (
				099E5DCF19F79C6B0027CF1E /* Localizable.strings */,
				098096401978B95400631808 /* TQFramework-Info.plist */,
				098096411978B95400631808 /* InfoPlist.strings */,
				098096441978B95400631808 /* main.m */,
				098096461978B95400631808 /* TQFramework-Prefix.pch */,
			);
			name = "Supporting Files";
			sourceTree = "<group>";
		};
		098096571978B95400631808 /* TQFrameworkTests */ = {
			isa = PBXGroup;
			children = (
				0980965D1978B95400631808 /* TQFrameworkTests.m */,
				098096581978B95400631808 /* Supporting Files */,
			);
			path = TQFrameworkTests;
			sourceTree = "<group>";
		};
		098096581978B95400631808 /* Supporting Files */ = {
			isa = PBXGroup;
			children = (
				098096591978B95400631808 /* TQFrameworkTests-Info.plist */,
				0980965A1978B95400631808 /* InfoPlist.strings */,
			);
			name = "Supporting Files";
			sourceTree = "<group>";
		};
		099E5DB519F798370027CF1E /* Base */ = {
			isa = PBXGroup;
			children = (
				099E5DB619F798370027CF1E /* HLYViewController.h */,
				099E5DB719F798370027CF1E /* HLYViewController.m */,
			);
			name = Base;
			path = ViewControllers/Base;
			sourceTree = "<group>";
		};
		09E77C9E1AE8F9F10070C124 /* Components */ = {
			isa = PBXGroup;
			children = (
				09E77C9F1AE8F9F10070C124 /* AutoLayoutTableViewManager */,
				09E77CA21AE8F9F10070C124 /* Cache */,
				09E77CA51AE8F9F10070C124 /* CocoaAddition */,
				09E77CA81AE8F9F10070C124 /* DateManager */,
				09E77CAB1AE8F9F10070C124 /* ErrorManager */,
				09E77CAE1AE8F9F10070C124 /* InputValidation */,
				09E77D381AE905510070C124 /* PullToRefreshManager */,
				09E77CC51AE8F9F10070C124 /* ShareManager */,
				09E77CD91AE8F9F10070C124 /* ThemeManager */,
				09E77CDC1AE8F9F10070C124 /* TQUIKit */,
			);
			path = Components;
			sourceTree = "<group>";
		};
		09E77C9F1AE8F9F10070C124 /* AutoLayoutTableViewManager */ = {
			isa = PBXGroup;
			children = (
				09E77CA01AE8F9F10070C124 /* HLYAutoLayoutTableManager.h */,
				09E77CA11AE8F9F10070C124 /* HLYAutoLayoutTableManager.m */,
			);
			path = AutoLayoutTableViewManager;
			sourceTree = "<group>";
		};
		09E77CA21AE8F9F10070C124 /* Cache */ = {
			isa = PBXGroup;
			children = (
				09E77CA31AE8F9F10070C124 /* HLYCache.h */,
				09E77CA41AE8F9F10070C124 /* HLYCache.m */,
			);
			path = Cache;
			sourceTree = "<group>";
		};
		09E77CA51AE8F9F10070C124 /* CocoaAddition */ = {
			isa = PBXGroup;
			children = (
				09E77CA61AE8F9F10070C124 /* NSString+Emoji.h */,
				09E77CA71AE8F9F10070C124 /* NSString+Emoji.m */,
			);
			path = CocoaAddition;
			sourceTree = "<group>";
		};
		09E77CA81AE8F9F10070C124 /* DateManager */ = {
			isa = PBXGroup;
			children = (
				09E77CA91AE8F9F10070C124 /* HLYDateFormatManager.h */,
				09E77CAA1AE8F9F10070C124 /* HLYDateFormatManager.m */,
			);
			path = DateManager;
			sourceTree = "<group>";
		};
		09E77CAB1AE8F9F10070C124 /* ErrorManager */ = {
			isa = PBXGroup;
			children = (
				09E77CAC1AE8F9F10070C124 /* TQError.h */,
				09E77CAD1AE8F9F10070C124 /* TQError.m */,
			);
			path = ErrorManager;
			sourceTree = "<group>";
		};
		09E77CAE1AE8F9F10070C124 /* InputValidation */ = {
			isa = PBXGroup;
			children = (
				09E77CAF1AE8F9F10070C124 /* TQEmailInputValidator.h */,
				09E77CB01AE8F9F10070C124 /* TQEmailInputValidator.m */,
				09E77CB11AE8F9F10070C124 /* TQInputValidator.h */,
				09E77CB21AE8F9F10070C124 /* TQInputValidator.m */,
				09E77CB31AE8F9F10070C124 /* TQNumberInputValidator.h */,
				09E77CB41AE8F9F10070C124 /* TQNumberInputValidator.m */,
				09E77CB51AE8F9F10070C124 /* TQTextField.h */,
				09E77CB61AE8F9F10070C124 /* TQTextField.m */,
				09E77CB71AE8F9F10070C124 /* TQTextInputValidator.h */,
				09E77CB81AE8F9F10070C124 /* TQTextInputValidator.m */,
			);
			path = InputValidation;
			sourceTree = "<group>";
		};
		09E77CC51AE8F9F10070C124 /* ShareManager */ = {
			isa = PBXGroup;
			children = (
				09E77CC61AE8F9F10070C124 /* HLYShareViewController.h */,
				09E77CC71AE8F9F10070C124 /* HLYShareViewController.m */,
				09E77CC81AE8F9F10070C124 /* QQ */,
				09E77CCB1AE8F9F10070C124 /* TQShareActionSheet.h */,
				09E77CCC1AE8F9F10070C124 /* TQShareActionSheet.m */,
				09E77CCD1AE8F9F10070C124 /* TQShareManager.h */,
				09E77CCE1AE8F9F10070C124 /* TQShareManager.m */,
				09E77CCF1AE8F9F10070C124 /* UIViewController+Share.h */,
				09E77CD01AE8F9F10070C124 /* UIViewController+Share.m */,
				09E77CD11AE8F9F10070C124 /* Weibo */,
				09E77CD51AE8F9F10070C124 /* Weixin */,
			);
			path = ShareManager;
			sourceTree = "<group>";
		};
		09E77CC81AE8F9F10070C124 /* QQ */ = {
			isa = PBXGroup;
			children = (
				09E77CC91AE8F9F10070C124 /* TencentOpenAPI.framework */,
				09E77CCA1AE8F9F10070C124 /* TencentOpenApi_IOS_Bundle.bundle */,
			);
			path = QQ;
			sourceTree = "<group>";
		};
		09E77CD11AE8F9F10070C124 /* Weibo */ = {
			isa = PBXGroup;
			children = (
				09E77CD21AE8F9F10070C124 /* libWeiboSDK.a */,
				09E77CD31AE8F9F10070C124 /* WeiboSDK.bundle */,
				09E77CD41AE8F9F10070C124 /* WeiboSDK.h */,
			);
			path = Weibo;
			sourceTree = "<group>";
		};
		09E77CD51AE8F9F10070C124 /* Weixin */ = {
			isa = PBXGroup;
			children = (
				09E77CD61AE8F9F10070C124 /* libWeChatSDK.a */,
				09E77CD71AE8F9F10070C124 /* WXApi.h */,
				09E77CD81AE8F9F10070C124 /* WXApiObject.h */,
			);
			path = Weixin;
			sourceTree = "<group>";
		};
		09E77CD91AE8F9F10070C124 /* ThemeManager */ = {
			isa = PBXGroup;
			children = (
				09E77CDA1AE8F9F10070C124 /* HLYThemeManager.h */,
				09E77CDB1AE8F9F10070C124 /* HLYThemeManager.m */,
			);
			path = ThemeManager;
			sourceTree = "<group>";
		};
		09E77CDC1AE8F9F10070C124 /* TQUIKit */ = {
			isa = PBXGroup;
			children = (
				09E77D501AE90BCE0070C124 /* TQStarRating */,
				09E77CDD1AE8F9F10070C124 /* AutoLayoutMultiLineLabel */,
				09E77CE01AE8F9F10070C124 /* DemonstrateView */,
				09E77CE71AE8F9F10070C124 /* DropList */,
				09E77CEA1AE8F9F10070C124 /* GridView */,
				09E77CF31AE8F9F10070C124 /* GroupedTableView */,
				09E77CF61AE8F9F10070C124 /* ImageContentView */,
				09E77CFB1AE8F9F10070C124 /* ScrollTabbar */,
				09E77D021AE8F9F10070C124 /* TableTextView */,
				09E77D051AE8F9F10070C124 /* TQTableViewCell.h */,
				09E77D061AE8F9F10070C124 /* TQTableViewCell.m */,
				09E77D071AE8F9F10070C124 /* UITableViewCell+BackgroundShadow.h */,
				09E77D081AE8F9F10070C124 /* UITableViewCell+BackgroundShadow.m */,
				09E77D091AE8F9F10070C124 /* UITextField+HitTest.h */,
				09E77D0A1AE8F9F10070C124 /* UITextField+HitTest.m */,
			);
			path = TQUIKit;
			sourceTree = "<group>";
		};
		09E77CDD1AE8F9F10070C124 /* AutoLayoutMultiLineLabel */ = {
			isa = PBXGroup;
			children = (
				09E77CDE1AE8F9F10070C124 /* TQAutoLayoutLabel.h */,
				09E77CDF1AE8F9F10070C124 /* TQAutoLayoutLabel.m */,
			);
			path = AutoLayoutMultiLineLabel;
			sourceTree = "<group>";
		};
		09E77CE01AE8F9F10070C124 /* DemonstrateView */ = {
			isa = PBXGroup;
			children = (
				09E77CE11AE8F9F10070C124 /* HLYCycleScrollView.h */,
				09E77CE21AE8F9F10070C124 /* HLYCycleScrollView.m */,
				09E77CE31AE8F9F10070C124 /* HLYDemonstrateView.h */,
				09E77CE41AE8F9F10070C124 /* HLYDemonstrateView.m */,
				09E77CE51AE8F9F10070C124 /* NSTimer+Addition.h */,
				09E77CE61AE8F9F10070C124 /* NSTimer+Addition.m */,
			);
			path = DemonstrateView;
			sourceTree = "<group>";
		};
		09E77CE71AE8F9F10070C124 /* DropList */ = {
			isa = PBXGroup;
			children = (
				09E77CE81AE8F9F10070C124 /* TQDropList.h */,
				09E77CE91AE8F9F10070C124 /* TQDropList.m */,
			);
			path = DropList;
			sourceTree = "<group>";
		};
		09E77CEA1AE8F9F10070C124 /* GridView */ = {
			isa = PBXGroup;
			children = (
				09E77CEB1AE8F9F10070C124 /* HLYGridView.h */,
				09E77CEC1AE8F9F10070C124 /* HLYGridView.m */,
				09E77CED1AE8F9F10070C124 /* TQGridView.h */,
				09E77CEE1AE8F9F10070C124 /* TQGridView.m */,
				09E77CEF1AE8F9F10070C124 /* TQSimpleGridView.h */,
				09E77CF01AE8F9F10070C124 /* TQSimpleGridView.m */,
				09E77CF11AE8F9F10070C124 /* TQTextGridView.h */,
				09E77CF21AE8F9F10070C124 /* TQTextGridView.m */,
			);
			path = GridView;
			sourceTree = "<group>";
		};
		09E77CF31AE8F9F10070C124 /* GroupedTableView */ = {
			isa = PBXGroup;
			children = (
				09E77CF41AE8F9F10070C124 /* TQGroupedTableView.h */,
				09E77CF51AE8F9F10070C124 /* TQGroupedTableView.m */,
			);
			path = GroupedTableView;
			sourceTree = "<group>";
		};
		09E77CF61AE8F9F10070C124 /* ImageContentView */ = {
			isa = PBXGroup;
			children = (
				09E77CF71AE8F9F10070C124 /* TQImageContentView.h */,
				09E77CF81AE8F9F10070C124 /* TQImageContentView.m */,
				09E77CF91AE8F9F10070C124 /* TQImageItemView.h */,
				09E77CFA1AE8F9F10070C124 /* TQImageItemView.m */,
			);
			path = ImageContentView;
			sourceTree = "<group>";
		};
		09E77CFB1AE8F9F10070C124 /* ScrollTabbar */ = {
			isa = PBXGroup;
			children = (
				09E77CFC1AE8F9F10070C124 /* HLYScrollContainerView.h */,
				09E77CFD1AE8F9F10070C124 /* HLYScrollContainerView.m */,
				09E77CFE1AE8F9F10070C124 /* HLYScrollContentItem.h */,
				09E77CFF1AE8F9F10070C124 /* HLYScrollContentItem.m */,
				09E77D001AE8F9F10070C124 /* HLYScrollTabbar.h */,
				09E77D011AE8F9F10070C124 /* HLYScrollTabbar.m */,
			);
			path = ScrollTabbar;
			sourceTree = "<group>";
		};
		09E77D021AE8F9F10070C124 /* TableTextView */ = {
			isa = PBXGroup;
			children = (
				09E77D031AE8F9F10070C124 /* TableTextView.h */,
				09E77D041AE8F9F10070C124 /* TableTextView.m */,
			);
			path = TableTextView;
			sourceTree = "<group>";
		};
		09E77D381AE905510070C124 /* PullToRefreshManager */ = {
			isa = PBXGroup;
			children = (
				09E77D391AE905510070C124 /* HLYCollectionViewPullToRefreshManager.h */,
				09E77D3A1AE905510070C124 /* HLYCollectionViewPullToRefreshManager.m */,
				09E77D3B1AE905510070C124 /* HLYPullToRefreshLoadingView.h */,
				09E77D3C1AE905510070C124 /* HLYPullToRefreshLoadingView.m */,
				09E77D3D1AE905510070C124 /* HLYPullToRefreshManager.bundle */,
				09E77D3E1AE905510070C124 /* HLYPullToRefreshManager.h */,
				09E77D3F1AE905510070C124 /* HLYPullToRefreshManager.m */,
				09E77D401AE905510070C124 /* HLYTableViewPullToRefreshManager.h */,
				09E77D411AE905510070C124 /* HLYTableViewPullToRefreshManager.m */,
				09E77D421AE905520070C124 /* SimpleImagePullToRefreshLoaddingView+Pocket.h */,
				09E77D431AE905520070C124 /* SimpleImagePullToRefreshLoaddingView+Pocket.m */,
				09E77D441AE905520070C124 /* SimpleImagePullToRefreshLoaddingView.h */,
				09E77D451AE905520070C124 /* SimpleImagePullToRefreshLoaddingView.m */,
				09E77D461AE905520070C124 /* UIView+Frame.h */,
				09E77D471AE905520070C124 /* UIView+Frame.m */,
			);
			name = PullToRefreshManager;
			path = TQFramework/Components/PullToRefreshManager;
			sourceTree = SOURCE_ROOT;
		};
		09E77D501AE90BCE0070C124 /* TQStarRating */ = {
			isa = PBXGroup;
			children = (
				09E77D511AE90BCE0070C124 /* Image */,
				09E77D561AE90BCE0070C124 /* TQStarRatingView.h */,
				09E77D571AE90BCE0070C124 /* TQStarRatingView.m */,
			);
			path = TQStarRating;
			sourceTree = "<group>";
		};
		09E77D511AE90BCE0070C124 /* Image */ = {
			isa = PBXGroup;
			children = (
				09E77D521AE90BCE0070C124 /* backgroundStar.png */,
				09E77D531AE90BCE0070C124 /* backgroundStar@2x.png */,
				09E77D541AE90BCE0070C124 /* foregroundStar.png */,
				09E77D551AE90BCE0070C124 /* foregroundStar@2x.png */,
			);
			path = Image;
			sourceTree = "<group>";
		};
/* End PBXGroup section */

/* Begin PBXNativeTarget section */
		098096341978B95400631808 /* TQFramework */ = {
			isa = PBXNativeTarget;
			buildConfigurationList = 098096611978B95400631808 /* Build configuration list for PBXNativeTarget "TQFramework" */;
			buildPhases = (
				BCB9A2A85F6D45BBAF5DC923 /* Check Pods Manifest.lock */,
				098096311978B95400631808 /* Sources */,
				098096321978B95400631808 /* Frameworks */,
				098096331978B95400631808 /* Resources */,
				079A01E7AAB340EE99B2D9CF /* Copy Pods Resources */,
			);
			buildRules = (
			);
			dependencies = (
			);
			name = TQFramework;
			productName = TQFramework;
			productReference = 098096351978B95400631808 /* TQFramework.app */;
			productType = "com.apple.product-type.application";
		};
		0980964F1978B95400631808 /* TQFrameworkTests */ = {
			isa = PBXNativeTarget;
			buildConfigurationList = 098096641978B95400631808 /* Build configuration list for PBXNativeTarget "TQFrameworkTests" */;
			buildPhases = (
				0980964C1978B95400631808 /* Sources */,
				0980964D1978B95400631808 /* Frameworks */,
				0980964E1978B95400631808 /* Resources */,
			);
			buildRules = (
			);
			dependencies = (
				098096561978B95400631808 /* PBXTargetDependency */,
			);
			name = TQFrameworkTests;
			productName = TQFrameworkTests;
			productReference = 098096501978B95400631808 /* TQFrameworkTests.xctest */;
			productType = "com.apple.product-type.bundle.unit-test";
		};
/* End PBXNativeTarget section */

/* Begin PBXProject section */
		0980962D1978B95400631808 /* Project object */ = {
			isa = PBXProject;
			attributes = {
				CLASSPREFIX = HLY;
				LastUpgradeCheck = 0510;
				ORGANIZATIONNAME = huangluyang;
				TargetAttributes = {
					0980964F1978B95400631808 = {
						TestTargetID = 098096341978B95400631808;
					};
				};
			};
			buildConfigurationList = 098096301978B95400631808 /* Build configuration list for PBXProject "TQFramework" */;
			compatibilityVersion = "Xcode 3.2";
			developmentRegion = English;
			hasScannedForEncodings = 0;
			knownRegions = (
				en,
			);
			mainGroup = 0980962C1978B95400631808;
			productRefGroup = 098096361978B95400631808 /* Products */;
			projectDirPath = "";
			projectRoot = "";
			targets = (
				098096341978B95400631808 /* TQFramework */,
				0980964F1978B95400631808 /* TQFrameworkTests */,
			);
		};
/* End PBXProject section */

/* Begin PBXResourcesBuildPhase section */
		098096331978B95400631808 /* Resources */ = {
			isa = PBXResourcesBuildPhase;
			buildActionMask = 2147483647;
			files = (
				099E5DD019F79C6B0027CF1E /* Localizable.strings in Resources */,
				09E77D4A1AE905520070C124 /* HLYPullToRefreshManager.bundle in Resources */,
				098096431978B95400631808 /* InfoPlist.strings in Resources */,
				09E77D1D1AE8F9F10070C124 /* TencentOpenApi_IOS_Bundle.bundle in Resources */,
				09E77D591AE90BCE0070C124 /* backgroundStar@2x.png in Resources */,
				09E77D581AE90BCE0070C124 /* backgroundStar.png in Resources */,
				0980964B1978B95400631808 /* Images.xcassets in Resources */,
				09E77D5B1AE90BCE0070C124 /* foregroundStar@2x.png in Resources */,
				09E77D5A1AE90BCE0070C124 /* foregroundStar.png in Resources */,
				09E77D221AE8F9F10070C124 /* WeiboSDK.bundle in Resources */,
			);
			runOnlyForDeploymentPostprocessing = 0;
		};
		0980964E1978B95400631808 /* Resources */ = {
			isa = PBXResourcesBuildPhase;
			buildActionMask = 2147483647;
			files = (
				0980965C1978B95400631808 /* InfoPlist.strings in Resources */,
			);
			runOnlyForDeploymentPostprocessing = 0;
		};
/* End PBXResourcesBuildPhase section */

/* Begin PBXShellScriptBuildPhase section */
		079A01E7AAB340EE99B2D9CF /* Copy Pods Resources */ = {
			isa = PBXShellScriptBuildPhase;
			buildActionMask = 2147483647;
			files = (
			);
			inputPaths = (
			);
			name = "Copy Pods Resources";
			outputPaths = (
			);
			runOnlyForDeploymentPostprocessing = 0;
			shellPath = /bin/sh;
			shellScript = "\"${SRCROOT}/Pods/Pods-resources.sh\"\n";
			showEnvVarsInLog = 0;
		};
		BCB9A2A85F6D45BBAF5DC923 /* Check Pods Manifest.lock */ = {
			isa = PBXShellScriptBuildPhase;
			buildActionMask = 2147483647;
			files = (
			);
			inputPaths = (
			);
			name = "Check Pods Manifest.lock";
			outputPaths = (
			);
			runOnlyForDeploymentPostprocessing = 0;
			shellPath = /bin/sh;
			shellScript = "diff \"${PODS_ROOT}/../Podfile.lock\" \"${PODS_ROOT}/Manifest.lock\" > /dev/null\nif [[ $? != 0 ]] ; then\n    cat << EOM\nerror: The sandbox is not in sync with the Podfile.lock. Run 'pod install' or update your CocoaPods installation.\nEOM\n    exit 1\nfi\n";
			showEnvVarsInLog = 0;
		};
/* End PBXShellScriptBuildPhase section */

/* Begin PBXSourcesBuildPhase section */
		098096311978B95400631808 /* Sources */ = {
			isa = PBXSourcesBuildPhase;
			buildActionMask = 2147483647;
			files = (
				09E77D201AE8F9F10070C124 /* UIViewController+Share.m in Sources */,
				09E77D141AE8F9F10070C124 /* TQTextInputValidator.m in Sources */,
				09E77D361AE8F9F10070C124 /* UITableViewCell+BackgroundShadow.m in Sources */,
				09E77D0E1AE8F9F10070C124 /* HLYDateFormatManager.m in Sources */,
				09E77D0D1AE8F9F10070C124 /* NSString+Emoji.m in Sources */,
				09E77D1F1AE8F9F10070C124 /* TQShareManager.m in Sources */,
				09E77D5C1AE90BCE0070C124 /* TQStarRatingView.m in Sources */,
				09E77D2E1AE8F9F10070C124 /* TQGroupedTableView.m in Sources */,
				09E77D4E1AE905520070C124 /* SimpleImagePullToRefreshLoaddingView.m in Sources */,
				09E77D4C1AE905520070C124 /* HLYTableViewPullToRefreshManager.m in Sources */,
				098096491978B95400631808 /* HLYAppDelegate.m in Sources */,
				09E77D1B1AE8F9F10070C124 /* HLYShareViewController.m in Sources */,
				09E77D251AE8F9F10070C124 /* TQAutoLayoutLabel.m in Sources */,
				09E77D121AE8F9F10070C124 /* TQNumberInputValidator.m in Sources */,
				09E77D281AE8F9F10070C124 /* NSTimer+Addition.m in Sources */,
				09E77D331AE8F9F10070C124 /* HLYScrollTabbar.m in Sources */,
				09E77D2A1AE8F9F10070C124 /* HLYGridView.m in Sources */,
				09E77D0F1AE8F9F10070C124 /* TQError.m in Sources */,
				09E77D1E1AE8F9F10070C124 /* TQShareActionSheet.m in Sources */,
				09E77D241AE8F9F10070C124 /* HLYThemeManager.m in Sources */,
				09E77D0C1AE8F9F10070C124 /* HLYCache.m in Sources */,
				09E77D131AE8F9F10070C124 /* TQTextField.m in Sources */,
				09E77D4B1AE905520070C124 /* HLYPullToRefreshManager.m in Sources */,
				09E77D0B1AE8F9F10070C124 /* HLYAutoLayoutTableManager.m in Sources */,
				09E77D481AE905520070C124 /* HLYCollectionViewPullToRefreshManager.m in Sources */,
				09E77D261AE8F9F10070C124 /* HLYCycleScrollView.m in Sources */,
				09E77D341AE8F9F10070C124 /* TableTextView.m in Sources */,
				09E77D2D1AE8F9F10070C124 /* TQTextGridView.m in Sources */,
				09E77D371AE8F9F10070C124 /* UITextField+HitTest.m in Sources */,
				09E77D491AE905520070C124 /* HLYPullToRefreshLoadingView.m in Sources */,
				09E77D2F1AE8F9F10070C124 /* TQImageContentView.m in Sources */,
				09E77D351AE8F9F10070C124 /* TQTableViewCell.m in Sources */,
				09E77D321AE8F9F10070C124 /* HLYScrollContentItem.m in Sources */,
				09E77D4F1AE905520070C124 /* UIView+Frame.m in Sources */,
				09E77D271AE8F9F10070C124 /* HLYDemonstrateView.m in Sources */,
				09E77D2C1AE8F9F10070C124 /* TQSimpleGridView.m in Sources */,
				099E5DB819F798370027CF1E /* HLYViewController.m in Sources */,
				09E77D4D1AE905520070C124 /* SimpleImagePullToRefreshLoaddingView+Pocket.m in Sources */,
				09E77D2B1AE8F9F10070C124 /* TQGridView.m in Sources */,
				09E77D101AE8F9F10070C124 /* TQEmailInputValidator.m in Sources */,
				09E77D291AE8F9F10070C124 /* TQDropList.m in Sources */,
				09E77D111AE8F9F10070C124 /* TQInputValidator.m in Sources */,
				09E77D311AE8F9F10070C124 /* HLYScrollContainerView.m in Sources */,
				098096451978B95400631808 /* main.m in Sources */,
				09E77D301AE8F9F10070C124 /* TQImageItemView.m in Sources */,
			);
			runOnlyForDeploymentPostprocessing = 0;
		};
		0980964C1978B95400631808 /* Sources */ = {
			isa = PBXSourcesBuildPhase;
			buildActionMask = 2147483647;
			files = (
				0980965E1978B95400631808 /* TQFrameworkTests.m in Sources */,
			);
			runOnlyForDeploymentPostprocessing = 0;
		};
/* End PBXSourcesBuildPhase section */

/* Begin PBXTargetDependency section */
		098096561978B95400631808 /* PBXTargetDependency */ = {
			isa = PBXTargetDependency;
			target = 098096341978B95400631808 /* TQFramework */;
			targetProxy = 098096551978B95400631808 /* PBXContainerItemProxy */;
		};
/* End PBXTargetDependency section */

/* Begin PBXVariantGroup section */
		098096411978B95400631808 /* InfoPlist.strings */ = {
			isa = PBXVariantGroup;
			children = (
				098096421978B95400631808 /* en */,
			);
			name = InfoPlist.strings;
			sourceTree = "<group>";
		};
		0980965A1978B95400631808 /* InfoPlist.strings */ = {
			isa = PBXVariantGroup;
			children = (
				0980965B1978B95400631808 /* en */,
			);
			name = InfoPlist.strings;
			sourceTree = "<group>";
		};
/* End PBXVariantGroup section */

/* Begin XCBuildConfiguration section */
		0980965F1978B95400631808 /* Debug */ = {
			isa = XCBuildConfiguration;
			buildSettings = {
				ALWAYS_SEARCH_USER_PATHS = NO;
				CLANG_CXX_LANGUAGE_STANDARD = "gnu++0x";
				CLANG_CXX_LIBRARY = "libc++";
				CLANG_ENABLE_MODULES = YES;
				CLANG_ENABLE_OBJC_ARC = YES;
				CLANG_WARN_BOOL_CONVERSION = YES;
				CLANG_WARN_CONSTANT_CONVERSION = YES;
				CLANG_WARN_DIRECT_OBJC_ISA_USAGE = YES_ERROR;
				CLANG_WARN_EMPTY_BODY = YES;
				CLANG_WARN_ENUM_CONVERSION = YES;
				CLANG_WARN_INT_CONVERSION = YES;
				CLANG_WARN_OBJC_ROOT_CLASS = YES_ERROR;
				CLANG_WARN__DUPLICATE_METHOD_MATCH = YES;
				"CODE_SIGN_IDENTITY[sdk=iphoneos*]" = "iPhone Developer";
				COPY_PHASE_STRIP = NO;
				GCC_C_LANGUAGE_STANDARD = gnu99;
				GCC_DYNAMIC_NO_PIC = NO;
				GCC_OPTIMIZATION_LEVEL = 0;
				GCC_PREPROCESSOR_DEFINITIONS = (
					"DEBUG=1",
					"$(inherited)",
				);
				GCC_SYMBOLS_PRIVATE_EXTERN = NO;
				GCC_WARN_64_TO_32_BIT_CONVERSION = YES;
				GCC_WARN_ABOUT_RETURN_TYPE = YES_ERROR;
				GCC_WARN_UNDECLARED_SELECTOR = YES;
				GCC_WARN_UNINITIALIZED_AUTOS = YES_AGGRESSIVE;
				GCC_WARN_UNUSED_FUNCTION = YES;
				GCC_WARN_UNUSED_VARIABLE = YES;
				IPHONEOS_DEPLOYMENT_TARGET = 7.1;
				ONLY_ACTIVE_ARCH = YES;
				SDKROOT = iphoneos;
				TARGETED_DEVICE_FAMILY = "1,2";
			};
			name = Debug;
		};
		098096601978B95400631808 /* Release */ = {
			isa = XCBuildConfiguration;
			buildSettings = {
				ALWAYS_SEARCH_USER_PATHS = NO;
				CLANG_CXX_LANGUAGE_STANDARD = "gnu++0x";
				CLANG_CXX_LIBRARY = "libc++";
				CLANG_ENABLE_MODULES = YES;
				CLANG_ENABLE_OBJC_ARC = YES;
				CLANG_WARN_BOOL_CONVERSION = YES;
				CLANG_WARN_CONSTANT_CONVERSION = YES;
				CLANG_WARN_DIRECT_OBJC_ISA_USAGE = YES_ERROR;
				CLANG_WARN_EMPTY_BODY = YES;
				CLANG_WARN_ENUM_CONVERSION = YES;
				CLANG_WARN_INT_CONVERSION = YES;
				CLANG_WARN_OBJC_ROOT_CLASS = YES_ERROR;
				CLANG_WARN__DUPLICATE_METHOD_MATCH = YES;
				"CODE_SIGN_IDENTITY[sdk=iphoneos*]" = "iPhone Developer";
				COPY_PHASE_STRIP = YES;
				ENABLE_NS_ASSERTIONS = NO;
				GCC_C_LANGUAGE_STANDARD = gnu99;
				GCC_WARN_64_TO_32_BIT_CONVERSION = YES;
				GCC_WARN_ABOUT_RETURN_TYPE = YES_ERROR;
				GCC_WARN_UNDECLARED_SELECTOR = YES;
				GCC_WARN_UNINITIALIZED_AUTOS = YES_AGGRESSIVE;
				GCC_WARN_UNUSED_FUNCTION = YES;
				GCC_WARN_UNUSED_VARIABLE = YES;
				IPHONEOS_DEPLOYMENT_TARGET = 7.1;
				SDKROOT = iphoneos;
				TARGETED_DEVICE_FAMILY = "1,2";
				VALIDATE_PRODUCT = YES;
			};
			name = Release;
		};
		098096621978B95400631808 /* Debug */ = {
			isa = XCBuildConfiguration;
			baseConfigurationReference = 542A4F2B8C18440D829F3ABB /* Pods.xcconfig */;
			buildSettings = {
				ASSETCATALOG_COMPILER_APPICON_NAME = AppIcon;
				ASSETCATALOG_COMPILER_LAUNCHIMAGE_NAME = LaunchImage;
				FRAMEWORK_SEARCH_PATHS = (
					"$(inherited)",
					"$(PROJECT_DIR)/TQFramework/Components/ShareManager/QQ",
				);
				GCC_PRECOMPILE_PREFIX_HEADER = YES;
				GCC_PREFIX_HEADER = "TQFramework/TQFramework-Prefix.pch";
				INFOPLIST_FILE = "TQFramework/TQFramework-Info.plist";
				LIBRARY_SEARCH_PATHS = (
					"$(inherited)",
					"$(PROJECT_DIR)/TQFramework/Components/ShareManager/Weibo",
					"$(PROJECT_DIR)/TQFramework/Components/ShareManager/Weixin",
				);
				PRODUCT_NAME = "$(TARGET_NAME)";
				WRAPPER_EXTENSION = app;
			};
			name = Debug;
		};
		098096631978B95400631808 /* Release */ = {
			isa = XCBuildConfiguration;
			baseConfigurationReference = 542A4F2B8C18440D829F3ABB /* Pods.xcconfig */;
			buildSettings = {
				ASSETCATALOG_COMPILER_APPICON_NAME = AppIcon;
				ASSETCATALOG_COMPILER_LAUNCHIMAGE_NAME = LaunchImage;
				FRAMEWORK_SEARCH_PATHS = (
					"$(inherited)",
					"$(PROJECT_DIR)/TQFramework/Components/ShareManager/QQ",
				);
				GCC_PRECOMPILE_PREFIX_HEADER = YES;
				GCC_PREFIX_HEADER = "TQFramework/TQFramework-Prefix.pch";
				INFOPLIST_FILE = "TQFramework/TQFramework-Info.plist";
				LIBRARY_SEARCH_PATHS = (
					"$(inherited)",
					"$(PROJECT_DIR)/TQFramework/Components/ShareManager/Weibo",
					"$(PROJECT_DIR)/TQFramework/Components/ShareManager/Weixin",
				);
				PRODUCT_NAME = "$(TARGET_NAME)";
				WRAPPER_EXTENSION = app;
			};
			name = Release;
		};
		098096651978B95400631808 /* Debug */ = {
			isa = XCBuildConfiguration;
			buildSettings = {
				BUNDLE_LOADER = "$(BUILT_PRODUCTS_DIR)/TQFramework.app/TQFramework";
				FRAMEWORK_SEARCH_PATHS = (
					"$(SDKROOT)/Developer/Library/Frameworks",
					"$(inherited)",
					"$(DEVELOPER_FRAMEWORKS_DIR)",
				);
				GCC_PRECOMPILE_PREFIX_HEADER = YES;
				GCC_PREFIX_HEADER = "TQFramework/TQFramework-Prefix.pch";
				GCC_PREPROCESSOR_DEFINITIONS = (
					"DEBUG=1",
					"$(inherited)",
				);
				INFOPLIST_FILE = "TQFrameworkTests/TQFrameworkTests-Info.plist";
				PRODUCT_NAME = "$(TARGET_NAME)";
				TEST_HOST = "$(BUNDLE_LOADER)";
				WRAPPER_EXTENSION = xctest;
			};
			name = Debug;
		};
		098096661978B95400631808 /* Release */ = {
			isa = XCBuildConfiguration;
			buildSettings = {
				BUNDLE_LOADER = "$(BUILT_PRODUCTS_DIR)/TQFramework.app/TQFramework";
				FRAMEWORK_SEARCH_PATHS = (
					"$(SDKROOT)/Developer/Library/Frameworks",
					"$(inherited)",
					"$(DEVELOPER_FRAMEWORKS_DIR)",
				);
				GCC_PRECOMPILE_PREFIX_HEADER = YES;
				GCC_PREFIX_HEADER = "TQFramework/TQFramework-Prefix.pch";
				INFOPLIST_FILE = "TQFrameworkTests/TQFrameworkTests-Info.plist";
				PRODUCT_NAME = "$(TARGET_NAME)";
				TEST_HOST = "$(BUNDLE_LOADER)";
				WRAPPER_EXTENSION = xctest;
			};
			name = Release;
		};
/* End XCBuildConfiguration section */

/* Begin XCConfigurationList section */
		098096301978B95400631808 /* Build configuration list for PBXProject "TQFramework" */ = {
			isa = XCConfigurationList;
			buildConfigurations = (
				0980965F1978B95400631808 /* Debug */,
				098096601978B95400631808 /* Release */,
			);
			defaultConfigurationIsVisible = 0;
			defaultConfigurationName = Release;
		};
		098096611978B95400631808 /* Build configuration list for PBXNativeTarget "TQFramework" */ = {
			isa = XCConfigurationList;
			buildConfigurations = (
				098096621978B95400631808 /* Debug */,
				098096631978B95400631808 /* Release */,
			);
			defaultConfigurationIsVisible = 0;
			defaultConfigurationName = Release;
		};
		098096641978B95400631808 /* Build configuration list for PBXNativeTarget "TQFrameworkTests" */ = {
			isa = XCConfigurationList;
			buildConfigurations = (
				098096651978B95400631808 /* Debug */,
				098096661978B95400631808 /* Release */,
			);
			defaultConfigurationIsVisible = 0;
			defaultConfigurationName = Release;
		};
/* End XCConfigurationList section */
	};
	rootObject = 0980962D1978B95400631808 /* Project object */;
}
